
EXTERNAL SOURCES: 
  MTStatusBarOverlay: 
    :git: https://github.com/myell0w/MTStatusBarOverlay.git
    :commit: ec42b364ff6a908978715f52e9382b7064865564
  TITokenField: 
    :git: https://github.com/devangmundhra/TITokenField.git
  TISwipeableTableView: 
    :git: https://github.com/devangmundhra/TISwipeableTableView.git
  RestKit: 
    :branch: development
    :git: https://github.com/RestKit/RestKit.git

PODS: 
- AFNetworking (1.1.0)
- MBProgressHUD (0.5)
- MTStatusBarOverlay (0.9.1)
- RestKit (0.20.0rc1): 
  - RestKit/Core (= 0.20.0rc1)
- RestKit/Core (0.20.0rc1): 
  - RestKit/CoreData
  - RestKit/Network
  - RestKit/ObjectMapping
- RestKit/CoreData (0.20.0rc1)
- RestKit/Network (0.20.0rc1): 
  - AFNetworking (= 1.1.0)
  - RestKit/ObjectMapping
  - RestKit/Support
  - SOCKit
- RestKit/ObjectMapping (0.20.0rc1)
- RestKit/Support (0.20.0rc1)
- SOCKit (1.1)
- SVPullToRefresh (0.4.1)
- TISwipeableTableView (0.0.1)
- TITokenField (0.9.0)
- TestFlightSDK (1.2.4.beta)

COCOAPODS: 0.16.1

SPEC CHECKSUMS: 
  MBProgressHUD: b23ee11c42253d6d804e8e0bfabdc334e8b2571f
  AFNetworking: 761a418233d280c1e0580bcb76ff9cb4c3073d17
  RestKit/Core: 0382132969d823a872b377c1ab2e383f3c74a339
  SVPullToRefresh: 61a0e4bd12bd6f8e3465909810b0fbeb1a28d5f2
  RestKit/Support: 0382132969d823a872b377c1ab2e383f3c74a339
  MTStatusBarOverlay: e00cd3b000171748b9439d014e00ec7bbb9b82ee
  RestKit/Network: 0382132969d823a872b377c1ab2e383f3c74a339
  RestKit/CoreData: 0382132969d823a872b377c1ab2e383f3c74a339
  TestFlightSDK: aeec97fd81096753d53b942f030a443520a087f4
  TITokenField: 4a94409f637d5d8ffd7303ba903e069462cf7c02
  TISwipeableTableView: 7e848c68e1c1e0e9c284ce0a49ee8db35f2cf3af
  SOCKit: ed67aeeca4a697b63a933229e53f4670d5b9300f
  RestKit: 0382132969d823a872b377c1ab2e383f3c74a339
  RestKit/ObjectMapping: 0382132969d823a872b377c1ab2e383f3c74a339

DEPENDENCIES: 
- MBProgressHUD (>= 0.5)
- MTStatusBarOverlay (from `https://github.com/myell0w/MTStatusBarOverlay.git', commit `ec42b364ff6a908978715f52e9382b7064865564')
- RestKit (from `https://github.com/RestKit/RestKit.git', branch `development')
- SVPullToRefresh
- TISwipeableTableView (from `https://github.com/devangmundhra/TISwipeableTableView.git')
- TITokenField (from `https://github.com/devangmundhra/TITokenField.git')
- TestFlightSDK (>= 1.2)
