// !$*UTF8*$!
{
	archiveVersion = 1;
	classes = {
	};
	objectVersion = 46;
	objects = {

/* Begin PBXBuildFile section */
		5110A7BF15B3EB0A00D4FBD1 /* BNOperation.m in Sources */ = {isa = PBXBuildFile; fileRef = 5110A7BE15B3EB0A00D4FBD1 /* BNOperation.m */; };
		5110A7C715B5DB3700D4FBD1 /* BNOperationQueue.m in Sources */ = {isa = PBXBuildFile; fileRef = 5110A7C615B5DB3700D4FBD1 /* BNOperationQueue.m */; };
		5123CF3615CDFEA100970A3E /* File.m in Sources */ = {isa = PBXBuildFile; fileRef = 5123CF3515CDFEA100970A3E /* File.m */; };
		5123CF3A15CDFEB100970A3E /* File+Create.m in Sources */ = {isa = PBXBuildFile; fileRef = 5123CF3915CDFEB100970A3E /* File+Create.m */; };
		5138D7E615B7E138007B4D7D /* BanyanDataSource.m in Sources */ = {isa = PBXBuildFile; fileRef = 5138D7E515B7E138007B4D7D /* BanyanDataSource.m */; };
		5166B1BA15E75B420072749C /* buttonFacebook.png in Resources */ = {isa = PBXBuildFile; fileRef = 5166B1B615E75B420072749C /* buttonFacebook.png */; };
		5166B1BB15E75B420072749C /* buttonFacebook@2x.png in Resources */ = {isa = PBXBuildFile; fileRef = 5166B1B715E75B420072749C /* buttonFacebook@2x.png */; };
		5166B1BC15E75B420072749C /* buttonFacebookSelected.png in Resources */ = {isa = PBXBuildFile; fileRef = 5166B1B815E75B420072749C /* buttonFacebookSelected.png */; };
		5166B1BD15E75B420072749C /* buttonFacebookSelected@2x.png in Resources */ = {isa = PBXBuildFile; fileRef = 5166B1B915E75B420072749C /* buttonFacebookSelected@2x.png */; };
		517D164A15D23529005F38C8 /* BNLocationManager.m in Sources */ = {isa = PBXBuildFile; fileRef = 517D164915D23529005F38C8 /* BNLocationManager.m */; };
		5189B2B815B387E200562DD0 /* UIKit.framework in Frameworks */ = {isa = PBXBuildFile; fileRef = 5189B2B715B387E200562DD0 /* UIKit.framework */; };
		5189B2BA15B387E200562DD0 /* Foundation.framework in Frameworks */ = {isa = PBXBuildFile; fileRef = 5189B2B915B387E200562DD0 /* Foundation.framework */; };
		5189B2BC15B387E200562DD0 /* CoreGraphics.framework in Frameworks */ = {isa = PBXBuildFile; fileRef = 5189B2BB15B387E200562DD0 /* CoreGraphics.framework */; };
		5189B2C215B387E200562DD0 /* InfoPlist.strings in Resources */ = {isa = PBXBuildFile; fileRef = 5189B2C015B387E200562DD0 /* InfoPlist.strings */; };
		5189B2C415B387E200562DD0 /* main.m in Sources */ = {isa = PBXBuildFile; fileRef = 5189B2C315B387E200562DD0 /* main.m */; };
		5189B2C815B387E200562DD0 /* BanyanAppDelegate.m in Sources */ = {isa = PBXBuildFile; fileRef = 5189B2C715B387E200562DD0 /* BanyanAppDelegate.m */; };
		5189B32715B395F300562DD0 /* AFParseAPIClient.m in Sources */ = {isa = PBXBuildFile; fileRef = 5189B2D615B395F300562DD0 /* AFParseAPIClient.m */; };
		5189B32815B395F300562DD0 /* ArrayToDataTransformer.m in Sources */ = {isa = PBXBuildFile; fileRef = 5189B2D815B395F300562DD0 /* ArrayToDataTransformer.m */; };
		5189B32915B395F300562DD0 /* BanyanAPIEngine.m in Sources */ = {isa = PBXBuildFile; fileRef = 5189B2DA15B395F300562DD0 /* BanyanAPIEngine.m */; };
		5189B32A15B395F300562DD0 /* ImageToDataTransformer.m in Sources */ = {isa = PBXBuildFile; fileRef = 5189B2DC15B395F300562DD0 /* ImageToDataTransformer.m */; };
		5189B32B15B395F300562DD0 /* InvitedTableViewController.m in Sources */ = {isa = PBXBuildFile; fileRef = 5189B2DE15B395F300562DD0 /* InvitedTableViewController.m */; };
		5189B32C15B395F300562DD0 /* LoginTabbarViewController.m in Sources */ = {isa = PBXBuildFile; fileRef = 5189B2E015B395F300562DD0 /* LoginTabbarViewController.m */; };
		5189B32D15B395F300562DD0 /* LoginTabbarViewController.xib in Resources */ = {isa = PBXBuildFile; fileRef = 5189B2E115B395F300562DD0 /* LoginTabbarViewController.xib */; };
		5189B32F15B395F300562DD0 /* ModifySceneViewController.m in Sources */ = {isa = PBXBuildFile; fileRef = 5189B2E415B395F300562DD0 /* ModifySceneViewController.m */; };
		5189B33015B395F300562DD0 /* ModifySceneViewController.xib in Resources */ = {isa = PBXBuildFile; fileRef = 5189B2E515B395F300562DD0 /* ModifySceneViewController.xib */; };
		5189B33115B395F300562DD0 /* NewStoryViewController.m in Sources */ = {isa = PBXBuildFile; fileRef = 5189B2E715B395F300562DD0 /* NewStoryViewController.m */; };
		5189B33215B395F300562DD0 /* ParseAPIEngine.m in Sources */ = {isa = PBXBuildFile; fileRef = 5189B2E915B395F300562DD0 /* ParseAPIEngine.m */; };
		5189B33315B395F300562DD0 /* ParseConnection.m in Sources */ = {isa = PBXBuildFile; fileRef = 5189B2EB15B395F300562DD0 /* ParseConnection.m */; };
		5189B33515B395F300562DD0 /* ReadSceneViewController.m in Sources */ = {isa = PBXBuildFile; fileRef = 5189B2EF15B395F300562DD0 /* ReadSceneViewController.m */; };
		5189B33615B395F300562DD0 /* ReadSceneViewController.xib in Resources */ = {isa = PBXBuildFile; fileRef = 5189B2F015B395F300562DD0 /* ReadSceneViewController.xib */; };
		5189B33715B395F300562DD0 /* Scene.m in Sources */ = {isa = PBXBuildFile; fileRef = 5189B2F315B395F300562DD0 /* Scene.m */; };
		5189B33815B395F300562DD0 /* Scene+Create.m in Sources */ = {isa = PBXBuildFile; fileRef = 5189B2F515B395F300562DD0 /* Scene+Create.m */; };
		5189B33915B395F300562DD0 /* Scene+Delete.m in Sources */ = {isa = PBXBuildFile; fileRef = 5189B2F715B395F300562DD0 /* Scene+Delete.m */; };
		5189B33A15B395F300562DD0 /* Scene+Edit.m in Sources */ = {isa = PBXBuildFile; fileRef = 5189B2F915B395F300562DD0 /* Scene+Edit.m */; };
		5189B33B15B395F300562DD0 /* Scene+Stats.m in Sources */ = {isa = PBXBuildFile; fileRef = 5189B2FB15B395F300562DD0 /* Scene+Stats.m */; };
		5189B33E15B395F300562DD0 /* ScenesViewController.m in Sources */ = {isa = PBXBuildFile; fileRef = 5189B30115B395F300562DD0 /* ScenesViewController.m */; };
		5189B34215B395F300562DD0 /* Story.m in Sources */ = {isa = PBXBuildFile; fileRef = 5189B30A15B395F300562DD0 /* Story.m */; };
		5189B34315B395F300562DD0 /* Story+Create.m in Sources */ = {isa = PBXBuildFile; fileRef = 5189B30C15B395F300562DD0 /* Story+Create.m */; };
		5189B34415B395F300562DD0 /* Story+Delete.m in Sources */ = {isa = PBXBuildFile; fileRef = 5189B30E15B395F300562DD0 /* Story+Delete.m */; };
		5189B34515B395F300562DD0 /* Story+Edit.m in Sources */ = {isa = PBXBuildFile; fileRef = 5189B31015B395F300562DD0 /* Story+Edit.m */; };
		5189B34615B395F300562DD0 /* Story+Stats.m in Sources */ = {isa = PBXBuildFile; fileRef = 5189B31215B395F300562DD0 /* Story+Stats.m */; };
		5189B34715B395F300562DD0 /* StoryDocuments.m in Sources */ = {isa = PBXBuildFile; fileRef = 5189B31415B395F300562DD0 /* StoryDocuments.m */; };
		5189B34815B395F300562DD0 /* StoryListStoryCell.m in Sources */ = {isa = PBXBuildFile; fileRef = 5189B31615B395F300562DD0 /* StoryListStoryCell.m */; };
		5189B34915B395F300562DD0 /* StoryListTableViewController.m in Sources */ = {isa = PBXBuildFile; fileRef = 5189B31815B395F300562DD0 /* StoryListTableViewController.m */; };
		5189B34B15B395F300562DD0 /* UIImage+SizeAndOrientation.m in Sources */ = {isa = PBXBuildFile; fileRef = 5189B31D15B395F300562DD0 /* UIImage+SizeAndOrientation.m */; };
		5189B34C15B395F300562DD0 /* User.m in Sources */ = {isa = PBXBuildFile; fileRef = 5189B32115B395F300562DD0 /* User.m */; };
		5189B34D15B395F300562DD0 /* UserLoginViewController.m in Sources */ = {isa = PBXBuildFile; fileRef = 5189B32315B395F300562DD0 /* UserLoginViewController.m */; };
		5189B34E15B395F300562DD0 /* UserLoginViewController.xib in Resources */ = {isa = PBXBuildFile; fileRef = 5189B32415B395F300562DD0 /* UserLoginViewController.xib */; };
		5189B34F15B395F300562DD0 /* UserManagementModule.m in Sources */ = {isa = PBXBuildFile; fileRef = 5189B32615B395F300562DD0 /* UserManagementModule.m */; };
		5189B37415B399CA00562DD0 /* AFHTTPClient.m in Sources */ = {isa = PBXBuildFile; fileRef = 5189B36015B399CA00562DD0 /* AFHTTPClient.m */; settings = {COMPILER_FLAGS = "-fno-objc-arc"; }; };
		5189B37515B399CA00562DD0 /* AFHTTPRequestOperation.m in Sources */ = {isa = PBXBuildFile; fileRef = 5189B36215B399CA00562DD0 /* AFHTTPRequestOperation.m */; settings = {COMPILER_FLAGS = "-fno-objc-arc"; }; };
		5189B37615B399CA00562DD0 /* AFImageRequestOperation.m in Sources */ = {isa = PBXBuildFile; fileRef = 5189B36415B399CA00562DD0 /* AFImageRequestOperation.m */; settings = {COMPILER_FLAGS = "-fno-objc-arc"; }; };
		5189B37715B399CA00562DD0 /* AFJSONRequestOperation.m in Sources */ = {isa = PBXBuildFile; fileRef = 5189B36615B399CA00562DD0 /* AFJSONRequestOperation.m */; settings = {COMPILER_FLAGS = "-fno-objc-arc"; }; };
		5189B37815B399CA00562DD0 /* AFJSONUtilities.m in Sources */ = {isa = PBXBuildFile; fileRef = 5189B36815B399CA00562DD0 /* AFJSONUtilities.m */; settings = {COMPILER_FLAGS = "-fno-objc-arc"; }; };
		5189B37915B399CA00562DD0 /* AFNetworkActivityIndicatorManager.m in Sources */ = {isa = PBXBuildFile; fileRef = 5189B36A15B399CA00562DD0 /* AFNetworkActivityIndicatorManager.m */; settings = {COMPILER_FLAGS = "-fno-objc-arc"; }; };
		5189B37A15B399CA00562DD0 /* AFPropertyListRequestOperation.m in Sources */ = {isa = PBXBuildFile; fileRef = 5189B36D15B399CA00562DD0 /* AFPropertyListRequestOperation.m */; settings = {COMPILER_FLAGS = "-fno-objc-arc"; }; };
		5189B37B15B399CA00562DD0 /* AFURLConnectionOperation.m in Sources */ = {isa = PBXBuildFile; fileRef = 5189B36F15B399CA00562DD0 /* AFURLConnectionOperation.m */; settings = {COMPILER_FLAGS = "-fno-objc-arc"; }; };
		5189B37C15B399CA00562DD0 /* AFXMLRequestOperation.m in Sources */ = {isa = PBXBuildFile; fileRef = 5189B37115B399CA00562DD0 /* AFXMLRequestOperation.m */; settings = {COMPILER_FLAGS = "-fno-objc-arc"; }; };
		5189B37D15B399CA00562DD0 /* UIImageView+AFNetworking.m in Sources */ = {isa = PBXBuildFile; fileRef = 5189B37315B399CA00562DD0 /* UIImageView+AFNetworking.m */; settings = {COMPILER_FLAGS = "-fno-objc-arc"; }; };
		5189B38115B399E400562DD0 /* MBProgressHUD.m in Sources */ = {isa = PBXBuildFile; fileRef = 5189B38015B399E400562DD0 /* MBProgressHUD.m */; };
		5189B38315B39A7F00562DD0 /* Parse.framework in Frameworks */ = {isa = PBXBuildFile; fileRef = 5189B38215B39A7F00562DD0 /* Parse.framework */; };
		5189B39A15B39AE300562DD0 /* NSAlert+MKNetworkKitAdditions.m in Sources */ = {isa = PBXBuildFile; fileRef = 5189B38715B39AE300562DD0 /* NSAlert+MKNetworkKitAdditions.m */; };
		5189B39B15B39AE300562DD0 /* NSData+Base64.m in Sources */ = {isa = PBXBuildFile; fileRef = 5189B38915B39AE300562DD0 /* NSData+Base64.m */; };
		5189B39C15B39AE300562DD0 /* NSDate+RFC1123.m in Sources */ = {isa = PBXBuildFile; fileRef = 5189B38B15B39AE300562DD0 /* NSDate+RFC1123.m */; };
		5189B39D15B39AE300562DD0 /* NSDictionary+RequestEncoding.m in Sources */ = {isa = PBXBuildFile; fileRef = 5189B38D15B39AE300562DD0 /* NSDictionary+RequestEncoding.m */; };
		5189B39E15B39AE300562DD0 /* NSString+MKNetworkKitAdditions.m in Sources */ = {isa = PBXBuildFile; fileRef = 5189B38F15B39AE300562DD0 /* NSString+MKNetworkKitAdditions.m */; };
		5189B39F15B39AE300562DD0 /* UIAlertView+MKNetworkKitAdditions.m in Sources */ = {isa = PBXBuildFile; fileRef = 5189B39115B39AE300562DD0 /* UIAlertView+MKNetworkKitAdditions.m */; };
		5189B3A015B39AE300562DD0 /* MKNetworkEngine.m in Sources */ = {isa = PBXBuildFile; fileRef = 5189B39315B39AE300562DD0 /* MKNetworkEngine.m */; };
		5189B3A115B39AE300562DD0 /* MKNetworkOperation.m in Sources */ = {isa = PBXBuildFile; fileRef = 5189B39615B39AE300562DD0 /* MKNetworkOperation.m */; };
		5189B3A215B39AE300562DD0 /* Reachability.m in Sources */ = {isa = PBXBuildFile; fileRef = 5189B39915B39AE300562DD0 /* Reachability.m */; };
		5189B3A915B39B1500562DD0 /* arrow.png in Resources */ = {isa = PBXBuildFile; fileRef = 5189B3A415B39B1500562DD0 /* arrow.png */; };
		5189B3AA15B39B1500562DD0 /* arrow@2x.png in Resources */ = {isa = PBXBuildFile; fileRef = 5189B3A515B39B1500562DD0 /* arrow@2x.png */; };
		5189B3AB15B39B1500562DD0 /* PullToRefreshView.m in Sources */ = {isa = PBXBuildFile; fileRef = 5189B3A715B39B1500562DD0 /* PullToRefreshView.m */; };
		5189B3B215B39B1F00562DD0 /* libTestFlight.a in Frameworks */ = {isa = PBXBuildFile; fileRef = 5189B3AE15B39B1F00562DD0 /* libTestFlight.a */; };
		5189B3B315B39B1F00562DD0 /* README.txt in Resources */ = {isa = PBXBuildFile; fileRef = 5189B3AF15B39B1F00562DD0 /* README.txt */; };
		5189B3B415B39B1F00562DD0 /* release_notes.txt in Resources */ = {isa = PBXBuildFile; fileRef = 5189B3B015B39B1F00562DD0 /* release_notes.txt */; };
		5189B3B715B39B9300562DD0 /* CoreLocation.framework in Frameworks */ = {isa = PBXBuildFile; fileRef = 5189B3B615B39B9300562DD0 /* CoreLocation.framework */; };
		5189B3BA15B39BA400562DD0 /* libz.1.1.3.dylib in Frameworks */ = {isa = PBXBuildFile; fileRef = 5189B3B815B39BA400562DD0 /* libz.1.1.3.dylib */; };
		5189B3BB15B39BA400562DD0 /* libz.dylib in Frameworks */ = {isa = PBXBuildFile; fileRef = 5189B3B915B39BA400562DD0 /* libz.dylib */; };
		5189B3BD15B39BB800562DD0 /* Security.framework in Frameworks */ = {isa = PBXBuildFile; fileRef = 5189B3BC15B39BB800562DD0 /* Security.framework */; };
		5189B3BF15B39BBF00562DD0 /* SystemConfiguration.framework in Frameworks */ = {isa = PBXBuildFile; fileRef = 5189B3BE15B39BBF00562DD0 /* SystemConfiguration.framework */; };
		5189B3C115B39BC500562DD0 /* CFNetwork.framework in Frameworks */ = {isa = PBXBuildFile; fileRef = 5189B3C015B39BC500562DD0 /* CFNetwork.framework */; };
		5189B3C315B39BCC00562DD0 /* MapKit.framework in Frameworks */ = {isa = PBXBuildFile; fileRef = 5189B3C215B39BCC00562DD0 /* MapKit.framework */; };
		5189B3C715B39BE100562DD0 /* MobileCoreServices.framework in Frameworks */ = {isa = PBXBuildFile; fileRef = 5189B3C615B39BE100562DD0 /* MobileCoreServices.framework */; };
		5189B3C915B39BE700562DD0 /* AudioToolbox.framework in Frameworks */ = {isa = PBXBuildFile; fileRef = 5189B3C815B39BE700562DD0 /* AudioToolbox.framework */; };
		5189B3CB15B39E7400562DD0 /* MainStoryboard.storyboard in Resources */ = {isa = PBXBuildFile; fileRef = 5189B3CA15B39E7400562DD0 /* MainStoryboard.storyboard */; };
		5189B45715B3A38E00562DD0 /* QuartzCore.framework in Frameworks */ = {isa = PBXBuildFile; fileRef = 5189B3C415B39BD100562DD0 /* QuartzCore.framework */; };
		519AFA6B15C11F3600F68F3C /* BNOperationAction.m in Sources */ = {isa = PBXBuildFile; fileRef = 519AFA6A15C11F3600F68F3C /* BNOperationAction.m */; };
		519AFA7215C26F5D00F68F3C /* AssetsLibrary.framework in Frameworks */ = {isa = PBXBuildFile; fileRef = 519AFA7115C26F5D00F68F3C /* AssetsLibrary.framework */; };
		519AFA7615C4B9DE00F68F3C /* User+Edit.m in Sources */ = {isa = PBXBuildFile; fileRef = 519AFA7515C4B9DE00F68F3C /* User+Edit.m */; };
		51CF3E2D15BFEBA700FFC0D1 /* BNOperationDependency.m in Sources */ = {isa = PBXBuildFile; fileRef = 51CF3E2C15BFEBA700FFC0D1 /* BNOperationDependency.m */; };
		51CF3E3015BFEDB200FFC0D1 /* BNOperationObject.m in Sources */ = {isa = PBXBuildFile; fileRef = 51CF3E2F15BFEDB200FFC0D1 /* BNOperationObject.m */; };
/* End PBXBuildFile section */

/* Begin PBXFileReference section */
		5110A7BD15B3EB0A00D4FBD1 /* BNOperation.h */ = {isa = PBXFileReference; fileEncoding = 4; lastKnownFileType = sourcecode.c.h; name = BNOperation.h; path = Banyan/BNOperation.h; sourceTree = "<group>"; };
		5110A7BE15B3EB0A00D4FBD1 /* BNOperation.m */ = {isa = PBXFileReference; fileEncoding = 4; lastKnownFileType = sourcecode.c.objc; name = BNOperation.m; path = Banyan/BNOperation.m; sourceTree = "<group>"; };
		5110A7C515B5DB3700D4FBD1 /* BNOperationQueue.h */ = {isa = PBXFileReference; fileEncoding = 4; lastKnownFileType = sourcecode.c.h; path = BNOperationQueue.h; sourceTree = "<group>"; };
		5110A7C615B5DB3700D4FBD1 /* BNOperationQueue.m */ = {isa = PBXFileReference; fileEncoding = 4; lastKnownFileType = sourcecode.c.objc; path = BNOperationQueue.m; sourceTree = "<group>"; };
		5123CF3415CDFEA100970A3E /* File.h */ = {isa = PBXFileReference; fileEncoding = 4; lastKnownFileType = sourcecode.c.h; path = File.h; sourceTree = "<group>"; };
		5123CF3515CDFEA100970A3E /* File.m */ = {isa = PBXFileReference; fileEncoding = 4; lastKnownFileType = sourcecode.c.objc; path = File.m; sourceTree = "<group>"; };
		5123CF3815CDFEB100970A3E /* File+Create.h */ = {isa = PBXFileReference; fileEncoding = 4; lastKnownFileType = sourcecode.c.h; path = "File+Create.h"; sourceTree = "<group>"; };
		5123CF3915CDFEB100970A3E /* File+Create.m */ = {isa = PBXFileReference; fileEncoding = 4; lastKnownFileType = sourcecode.c.objc; path = "File+Create.m"; sourceTree = "<group>"; };
		5138D7E415B7E138007B4D7D /* BanyanDataSource.h */ = {isa = PBXFileReference; fileEncoding = 4; lastKnownFileType = sourcecode.c.h; path = BanyanDataSource.h; sourceTree = "<group>"; };
		5138D7E515B7E138007B4D7D /* BanyanDataSource.m */ = {isa = PBXFileReference; fileEncoding = 4; lastKnownFileType = sourcecode.c.objc; path = BanyanDataSource.m; sourceTree = "<group>"; };
		5166B1B615E75B420072749C /* buttonFacebook.png */ = {isa = PBXFileReference; lastKnownFileType = image.png; path = buttonFacebook.png; sourceTree = "<group>"; };
		5166B1B715E75B420072749C /* buttonFacebook@2x.png */ = {isa = PBXFileReference; lastKnownFileType = image.png; path = "buttonFacebook@2x.png"; sourceTree = "<group>"; };
		5166B1B815E75B420072749C /* buttonFacebookSelected.png */ = {isa = PBXFileReference; lastKnownFileType = image.png; path = buttonFacebookSelected.png; sourceTree = "<group>"; };
		5166B1B915E75B420072749C /* buttonFacebookSelected@2x.png */ = {isa = PBXFileReference; lastKnownFileType = image.png; path = "buttonFacebookSelected@2x.png"; sourceTree = "<group>"; };
		517D164815D23529005F38C8 /* BNLocationManager.h */ = {isa = PBXFileReference; fileEncoding = 4; lastKnownFileType = sourcecode.c.h; path = BNLocationManager.h; sourceTree = "<group>"; };
		517D164915D23529005F38C8 /* BNLocationManager.m */ = {isa = PBXFileReference; fileEncoding = 4; lastKnownFileType = sourcecode.c.objc; path = BNLocationManager.m; sourceTree = "<group>"; };
		5189B2B315B387E200562DD0 /* Banyan.app */ = {isa = PBXFileReference; explicitFileType = wrapper.application; includeInIndex = 0; path = Banyan.app; sourceTree = BUILT_PRODUCTS_DIR; };
		5189B2B715B387E200562DD0 /* UIKit.framework */ = {isa = PBXFileReference; lastKnownFileType = wrapper.framework; name = UIKit.framework; path = System/Library/Frameworks/UIKit.framework; sourceTree = SDKROOT; };
		5189B2B915B387E200562DD0 /* Foundation.framework */ = {isa = PBXFileReference; lastKnownFileType = wrapper.framework; name = Foundation.framework; path = System/Library/Frameworks/Foundation.framework; sourceTree = SDKROOT; };
		5189B2BB15B387E200562DD0 /* CoreGraphics.framework */ = {isa = PBXFileReference; lastKnownFileType = wrapper.framework; name = CoreGraphics.framework; path = System/Library/Frameworks/CoreGraphics.framework; sourceTree = SDKROOT; };
		5189B2BF15B387E200562DD0 /* Banyan-Info.plist */ = {isa = PBXFileReference; lastKnownFileType = text.plist.xml; path = "Banyan-Info.plist"; sourceTree = "<group>"; };
		5189B2C115B387E200562DD0 /* en */ = {isa = PBXFileReference; lastKnownFileType = text.plist.strings; name = en; path = en.lproj/InfoPlist.strings; sourceTree = "<group>"; };
		5189B2C315B387E200562DD0 /* main.m */ = {isa = PBXFileReference; lastKnownFileType = sourcecode.c.objc; path = main.m; sourceTree = "<group>"; };
		5189B2C515B387E200562DD0 /* Banyan-Prefix.pch */ = {isa = PBXFileReference; lastKnownFileType = sourcecode.c.h; path = "Banyan-Prefix.pch"; sourceTree = "<group>"; };
		5189B2C615B387E200562DD0 /* BanyanAppDelegate.h */ = {isa = PBXFileReference; lastKnownFileType = sourcecode.c.h; path = BanyanAppDelegate.h; sourceTree = "<group>"; };
		5189B2C715B387E200562DD0 /* BanyanAppDelegate.m */ = {isa = PBXFileReference; lastKnownFileType = sourcecode.c.objc; path = BanyanAppDelegate.m; sourceTree = "<group>"; };
		5189B2D515B395F300562DD0 /* AFParseAPIClient.h */ = {isa = PBXFileReference; fileEncoding = 4; lastKnownFileType = sourcecode.c.h; name = AFParseAPIClient.h; path = Banyan/AFParseAPIClient.h; sourceTree = "<group>"; };
		5189B2D615B395F300562DD0 /* AFParseAPIClient.m */ = {isa = PBXFileReference; fileEncoding = 4; lastKnownFileType = sourcecode.c.objc; name = AFParseAPIClient.m; path = Banyan/AFParseAPIClient.m; sourceTree = "<group>"; };
		5189B2D715B395F300562DD0 /* ArrayToDataTransformer.h */ = {isa = PBXFileReference; fileEncoding = 4; lastKnownFileType = sourcecode.c.h; name = ArrayToDataTransformer.h; path = Banyan/ArrayToDataTransformer.h; sourceTree = "<group>"; };
		5189B2D815B395F300562DD0 /* ArrayToDataTransformer.m */ = {isa = PBXFileReference; fileEncoding = 4; lastKnownFileType = sourcecode.c.objc; name = ArrayToDataTransformer.m; path = Banyan/ArrayToDataTransformer.m; sourceTree = "<group>"; };
		5189B2D915B395F300562DD0 /* BanyanAPIEngine.h */ = {isa = PBXFileReference; fileEncoding = 4; lastKnownFileType = sourcecode.c.h; name = BanyanAPIEngine.h; path = Banyan/BanyanAPIEngine.h; sourceTree = "<group>"; };
		5189B2DA15B395F300562DD0 /* BanyanAPIEngine.m */ = {isa = PBXFileReference; fileEncoding = 4; lastKnownFileType = sourcecode.c.objc; name = BanyanAPIEngine.m; path = Banyan/BanyanAPIEngine.m; sourceTree = "<group>"; };
		5189B2DB15B395F300562DD0 /* ImageToDataTransformer.h */ = {isa = PBXFileReference; fileEncoding = 4; lastKnownFileType = sourcecode.c.h; name = ImageToDataTransformer.h; path = Banyan/ImageToDataTransformer.h; sourceTree = "<group>"; };
		5189B2DC15B395F300562DD0 /* ImageToDataTransformer.m */ = {isa = PBXFileReference; fileEncoding = 4; lastKnownFileType = sourcecode.c.objc; name = ImageToDataTransformer.m; path = Banyan/ImageToDataTransformer.m; sourceTree = "<group>"; };
		5189B2DD15B395F300562DD0 /* InvitedTableViewController.h */ = {isa = PBXFileReference; fileEncoding = 4; lastKnownFileType = sourcecode.c.h; name = InvitedTableViewController.h; path = Banyan/InvitedTableViewController.h; sourceTree = "<group>"; };
		5189B2DE15B395F300562DD0 /* InvitedTableViewController.m */ = {isa = PBXFileReference; fileEncoding = 4; lastKnownFileType = sourcecode.c.objc; name = InvitedTableViewController.m; path = Banyan/InvitedTableViewController.m; sourceTree = "<group>"; };
		5189B2DF15B395F300562DD0 /* LoginTabbarViewController.h */ = {isa = PBXFileReference; fileEncoding = 4; lastKnownFileType = sourcecode.c.h; name = LoginTabbarViewController.h; path = Banyan/LoginTabbarViewController.h; sourceTree = "<group>"; };
		5189B2E015B395F300562DD0 /* LoginTabbarViewController.m */ = {isa = PBXFileReference; fileEncoding = 4; lastKnownFileType = sourcecode.c.objc; name = LoginTabbarViewController.m; path = Banyan/LoginTabbarViewController.m; sourceTree = "<group>"; };
		5189B2E115B395F300562DD0 /* LoginTabbarViewController.xib */ = {isa = PBXFileReference; fileEncoding = 4; lastKnownFileType = file.xib; name = LoginTabbarViewController.xib; path = Banyan/LoginTabbarViewController.xib; sourceTree = "<group>"; };
		5189B2E315B395F300562DD0 /* ModifySceneViewController.h */ = {isa = PBXFileReference; fileEncoding = 4; lastKnownFileType = sourcecode.c.h; name = ModifySceneViewController.h; path = Banyan/ModifySceneViewController.h; sourceTree = "<group>"; };
		5189B2E415B395F300562DD0 /* ModifySceneViewController.m */ = {isa = PBXFileReference; fileEncoding = 4; lastKnownFileType = sourcecode.c.objc; name = ModifySceneViewController.m; path = Banyan/ModifySceneViewController.m; sourceTree = "<group>"; };
		5189B2E515B395F300562DD0 /* ModifySceneViewController.xib */ = {isa = PBXFileReference; fileEncoding = 4; lastKnownFileType = file.xib; name = ModifySceneViewController.xib; path = Banyan/ModifySceneViewController.xib; sourceTree = "<group>"; };
		5189B2E615B395F300562DD0 /* NewStoryViewController.h */ = {isa = PBXFileReference; fileEncoding = 4; lastKnownFileType = sourcecode.c.h; name = NewStoryViewController.h; path = Banyan/NewStoryViewController.h; sourceTree = "<group>"; };
		5189B2E715B395F300562DD0 /* NewStoryViewController.m */ = {isa = PBXFileReference; fileEncoding = 4; lastKnownFileType = sourcecode.c.objc; name = NewStoryViewController.m; path = Banyan/NewStoryViewController.m; sourceTree = "<group>"; };
		5189B2E815B395F300562DD0 /* ParseAPIEngine.h */ = {isa = PBXFileReference; fileEncoding = 4; lastKnownFileType = sourcecode.c.h; name = ParseAPIEngine.h; path = Banyan/ParseAPIEngine.h; sourceTree = "<group>"; };
		5189B2E915B395F300562DD0 /* ParseAPIEngine.m */ = {isa = PBXFileReference; fileEncoding = 4; lastKnownFileType = sourcecode.c.objc; name = ParseAPIEngine.m; path = Banyan/ParseAPIEngine.m; sourceTree = "<group>"; };
		5189B2EA15B395F300562DD0 /* ParseConnection.h */ = {isa = PBXFileReference; fileEncoding = 4; lastKnownFileType = sourcecode.c.h; name = ParseConnection.h; path = Banyan/ParseConnection.h; sourceTree = "<group>"; };
		5189B2EB15B395F300562DD0 /* ParseConnection.m */ = {isa = PBXFileReference; fileEncoding = 4; lastKnownFileType = sourcecode.c.objc; name = ParseConnection.m; path = Banyan/ParseConnection.m; sourceTree = "<group>"; };
		5189B2EE15B395F300562DD0 /* ReadSceneViewController.h */ = {isa = PBXFileReference; fileEncoding = 4; lastKnownFileType = sourcecode.c.h; name = ReadSceneViewController.h; path = Banyan/ReadSceneViewController.h; sourceTree = "<group>"; };
		5189B2EF15B395F300562DD0 /* ReadSceneViewController.m */ = {isa = PBXFileReference; fileEncoding = 4; lastKnownFileType = sourcecode.c.objc; name = ReadSceneViewController.m; path = Banyan/ReadSceneViewController.m; sourceTree = "<group>"; };
		5189B2F015B395F300562DD0 /* ReadSceneViewController.xib */ = {isa = PBXFileReference; fileEncoding = 4; lastKnownFileType = file.xib; name = ReadSceneViewController.xib; path = Banyan/ReadSceneViewController.xib; sourceTree = "<group>"; };
		5189B2F115B395F300562DD0 /* Scene_Defines.h */ = {isa = PBXFileReference; fileEncoding = 4; lastKnownFileType = sourcecode.c.h; name = Scene_Defines.h; path = Banyan/Scene_Defines.h; sourceTree = "<group>"; };
		5189B2F215B395F300562DD0 /* Scene.h */ = {isa = PBXFileReference; fileEncoding = 4; lastKnownFileType = sourcecode.c.h; name = Scene.h; path = Banyan/Scene.h; sourceTree = "<group>"; };
		5189B2F315B395F300562DD0 /* Scene.m */ = {isa = PBXFileReference; fileEncoding = 4; lastKnownFileType = sourcecode.c.objc; name = Scene.m; path = Banyan/Scene.m; sourceTree = "<group>"; };
		5189B2F415B395F300562DD0 /* Scene+Create.h */ = {isa = PBXFileReference; fileEncoding = 4; lastKnownFileType = sourcecode.c.h; name = "Scene+Create.h"; path = "Banyan/Scene+Create.h"; sourceTree = "<group>"; };
		5189B2F515B395F300562DD0 /* Scene+Create.m */ = {isa = PBXFileReference; fileEncoding = 4; lastKnownFileType = sourcecode.c.objc; name = "Scene+Create.m"; path = "Banyan/Scene+Create.m"; sourceTree = "<group>"; };
		5189B2F615B395F300562DD0 /* Scene+Delete.h */ = {isa = PBXFileReference; fileEncoding = 4; lastKnownFileType = sourcecode.c.h; name = "Scene+Delete.h"; path = "Banyan/Scene+Delete.h"; sourceTree = "<group>"; };
		5189B2F715B395F300562DD0 /* Scene+Delete.m */ = {isa = PBXFileReference; fileEncoding = 4; lastKnownFileType = sourcecode.c.objc; name = "Scene+Delete.m"; path = "Banyan/Scene+Delete.m"; sourceTree = "<group>"; };
		5189B2F815B395F300562DD0 /* Scene+Edit.h */ = {isa = PBXFileReference; fileEncoding = 4; lastKnownFileType = sourcecode.c.h; name = "Scene+Edit.h"; path = "Banyan/Scene+Edit.h"; sourceTree = "<group>"; };
		5189B2F915B395F300562DD0 /* Scene+Edit.m */ = {isa = PBXFileReference; fileEncoding = 4; lastKnownFileType = sourcecode.c.objc; name = "Scene+Edit.m"; path = "Banyan/Scene+Edit.m"; sourceTree = "<group>"; };
		5189B2FA15B395F300562DD0 /* Scene+Stats.h */ = {isa = PBXFileReference; fileEncoding = 4; lastKnownFileType = sourcecode.c.h; name = "Scene+Stats.h"; path = "Banyan/Scene+Stats.h"; sourceTree = "<group>"; };
		5189B2FB15B395F300562DD0 /* Scene+Stats.m */ = {isa = PBXFileReference; fileEncoding = 4; lastKnownFileType = sourcecode.c.objc; name = "Scene+Stats.m"; path = "Banyan/Scene+Stats.m"; sourceTree = "<group>"; };
		5189B30015B395F300562DD0 /* ScenesViewController.h */ = {isa = PBXFileReference; fileEncoding = 4; lastKnownFileType = sourcecode.c.h; name = ScenesViewController.h; path = Banyan/ScenesViewController.h; sourceTree = "<group>"; };
		5189B30115B395F300562DD0 /* ScenesViewController.m */ = {isa = PBXFileReference; fileEncoding = 4; lastKnownFileType = sourcecode.c.objc; name = ScenesViewController.m; path = Banyan/ScenesViewController.m; sourceTree = "<group>"; };
		5189B30815B395F300562DD0 /* Story_Defines.h */ = {isa = PBXFileReference; fileEncoding = 4; lastKnownFileType = sourcecode.c.h; name = Story_Defines.h; path = Banyan/Story_Defines.h; sourceTree = "<group>"; };
		5189B30915B395F300562DD0 /* Story.h */ = {isa = PBXFileReference; fileEncoding = 4; lastKnownFileType = sourcecode.c.h; name = Story.h; path = Banyan/Story.h; sourceTree = "<group>"; };
		5189B30A15B395F300562DD0 /* Story.m */ = {isa = PBXFileReference; fileEncoding = 4; lastKnownFileType = sourcecode.c.objc; name = Story.m; path = Banyan/Story.m; sourceTree = "<group>"; };
		5189B30B15B395F300562DD0 /* Story+Create.h */ = {isa = PBXFileReference; fileEncoding = 4; lastKnownFileType = sourcecode.c.h; name = "Story+Create.h"; path = "Banyan/Story+Create.h"; sourceTree = "<group>"; };
		5189B30C15B395F300562DD0 /* Story+Create.m */ = {isa = PBXFileReference; fileEncoding = 4; lastKnownFileType = sourcecode.c.objc; name = "Story+Create.m"; path = "Banyan/Story+Create.m"; sourceTree = "<group>"; };
		5189B30D15B395F300562DD0 /* Story+Delete.h */ = {isa = PBXFileReference; fileEncoding = 4; lastKnownFileType = sourcecode.c.h; name = "Story+Delete.h"; path = "Banyan/Story+Delete.h"; sourceTree = "<group>"; };
		5189B30E15B395F300562DD0 /* Story+Delete.m */ = {isa = PBXFileReference; fileEncoding = 4; lastKnownFileType = sourcecode.c.objc; name = "Story+Delete.m"; path = "Banyan/Story+Delete.m"; sourceTree = "<group>"; };
		5189B30F15B395F300562DD0 /* Story+Edit.h */ = {isa = PBXFileReference; fileEncoding = 4; lastKnownFileType = sourcecode.c.h; name = "Story+Edit.h"; path = "Banyan/Story+Edit.h"; sourceTree = "<group>"; };
		5189B31015B395F300562DD0 /* Story+Edit.m */ = {isa = PBXFileReference; fileEncoding = 4; lastKnownFileType = sourcecode.c.objc; name = "Story+Edit.m"; path = "Banyan/Story+Edit.m"; sourceTree = "<group>"; };
		5189B31115B395F300562DD0 /* Story+Stats.h */ = {isa = PBXFileReference; fileEncoding = 4; lastKnownFileType = sourcecode.c.h; name = "Story+Stats.h"; path = "Banyan/Story+Stats.h"; sourceTree = "<group>"; };
		5189B31215B395F300562DD0 /* Story+Stats.m */ = {isa = PBXFileReference; fileEncoding = 4; lastKnownFileType = sourcecode.c.objc; name = "Story+Stats.m"; path = "Banyan/Story+Stats.m"; sourceTree = "<group>"; };
		5189B31315B395F300562DD0 /* StoryDocuments.h */ = {isa = PBXFileReference; fileEncoding = 4; lastKnownFileType = sourcecode.c.h; name = StoryDocuments.h; path = Banyan/StoryDocuments.h; sourceTree = "<group>"; };
		5189B31415B395F300562DD0 /* StoryDocuments.m */ = {isa = PBXFileReference; fileEncoding = 4; lastKnownFileType = sourcecode.c.objc; name = StoryDocuments.m; path = Banyan/StoryDocuments.m; sourceTree = "<group>"; };
		5189B31515B395F300562DD0 /* StoryListStoryCell.h */ = {isa = PBXFileReference; fileEncoding = 4; lastKnownFileType = sourcecode.c.h; name = StoryListStoryCell.h; path = Banyan/StoryListStoryCell.h; sourceTree = "<group>"; };
		5189B31615B395F300562DD0 /* StoryListStoryCell.m */ = {isa = PBXFileReference; fileEncoding = 4; lastKnownFileType = sourcecode.c.objc; name = StoryListStoryCell.m; path = Banyan/StoryListStoryCell.m; sourceTree = "<group>"; };
		5189B31715B395F300562DD0 /* StoryListTableViewController.h */ = {isa = PBXFileReference; fileEncoding = 4; lastKnownFileType = sourcecode.c.h; name = StoryListTableViewController.h; path = Banyan/StoryListTableViewController.h; sourceTree = "<group>"; };
		5189B31815B395F300562DD0 /* StoryListTableViewController.m */ = {isa = PBXFileReference; fileEncoding = 4; lastKnownFileType = sourcecode.c.objc; name = StoryListTableViewController.m; path = Banyan/StoryListTableViewController.m; sourceTree = "<group>"; };
		5189B31C15B395F300562DD0 /* UIImage+SizeAndOrientation.h */ = {isa = PBXFileReference; fileEncoding = 4; lastKnownFileType = sourcecode.c.h; name = "UIImage+SizeAndOrientation.h"; path = "Banyan/UIImage+SizeAndOrientation.h"; sourceTree = "<group>"; };
		5189B31D15B395F300562DD0 /* UIImage+SizeAndOrientation.m */ = {isa = PBXFileReference; fileEncoding = 4; lastKnownFileType = sourcecode.c.objc; name = "UIImage+SizeAndOrientation.m"; path = "Banyan/UIImage+SizeAndOrientation.m"; sourceTree = "<group>"; };
		5189B31F15B395F300562DD0 /* User_Defines.h */ = {isa = PBXFileReference; fileEncoding = 4; lastKnownFileType = sourcecode.c.h; name = User_Defines.h; path = Banyan/User_Defines.h; sourceTree = "<group>"; };
		5189B32015B395F300562DD0 /* User.h */ = {isa = PBXFileReference; fileEncoding = 4; lastKnownFileType = sourcecode.c.h; name = User.h; path = Banyan/User.h; sourceTree = "<group>"; };
		5189B32115B395F300562DD0 /* User.m */ = {isa = PBXFileReference; fileEncoding = 4; lastKnownFileType = sourcecode.c.objc; name = User.m; path = Banyan/User.m; sourceTree = "<group>"; };
		5189B32215B395F300562DD0 /* UserLoginViewController.h */ = {isa = PBXFileReference; fileEncoding = 4; lastKnownFileType = sourcecode.c.h; name = UserLoginViewController.h; path = Banyan/UserLoginViewController.h; sourceTree = "<group>"; };
		5189B32315B395F300562DD0 /* UserLoginViewController.m */ = {isa = PBXFileReference; fileEncoding = 4; lastKnownFileType = sourcecode.c.objc; name = UserLoginViewController.m; path = Banyan/UserLoginViewController.m; sourceTree = "<group>"; };
		5189B32415B395F300562DD0 /* UserLoginViewController.xib */ = {isa = PBXFileReference; fileEncoding = 4; lastKnownFileType = file.xib; name = UserLoginViewController.xib; path = Banyan/UserLoginViewController.xib; sourceTree = "<group>"; };
		5189B32515B395F300562DD0 /* UserManagementModule.h */ = {isa = PBXFileReference; fileEncoding = 4; lastKnownFileType = sourcecode.c.h; name = UserManagementModule.h; path = Banyan/UserManagementModule.h; sourceTree = "<group>"; };
		5189B32615B395F300562DD0 /* UserManagementModule.m */ = {isa = PBXFileReference; fileEncoding = 4; lastKnownFileType = sourcecode.c.objc; name = UserManagementModule.m; path = Banyan/UserManagementModule.m; sourceTree = "<group>"; };
		5189B35F15B399CA00562DD0 /* AFHTTPClient.h */ = {isa = PBXFileReference; fileEncoding = 4; lastKnownFileType = sourcecode.c.h; path = AFHTTPClient.h; sourceTree = "<group>"; };
		5189B36015B399CA00562DD0 /* AFHTTPClient.m */ = {isa = PBXFileReference; fileEncoding = 4; lastKnownFileType = sourcecode.c.objc; path = AFHTTPClient.m; sourceTree = "<group>"; };
		5189B36115B399CA00562DD0 /* AFHTTPRequestOperation.h */ = {isa = PBXFileReference; fileEncoding = 4; lastKnownFileType = sourcecode.c.h; path = AFHTTPRequestOperation.h; sourceTree = "<group>"; };
		5189B36215B399CA00562DD0 /* AFHTTPRequestOperation.m */ = {isa = PBXFileReference; fileEncoding = 4; lastKnownFileType = sourcecode.c.objc; path = AFHTTPRequestOperation.m; sourceTree = "<group>"; };
		5189B36315B399CA00562DD0 /* AFImageRequestOperation.h */ = {isa = PBXFileReference; fileEncoding = 4; lastKnownFileType = sourcecode.c.h; path = AFImageRequestOperation.h; sourceTree = "<group>"; };
		5189B36415B399CA00562DD0 /* AFImageRequestOperation.m */ = {isa = PBXFileReference; fileEncoding = 4; lastKnownFileType = sourcecode.c.objc; path = AFImageRequestOperation.m; sourceTree = "<group>"; };
		5189B36515B399CA00562DD0 /* AFJSONRequestOperation.h */ = {isa = PBXFileReference; fileEncoding = 4; lastKnownFileType = sourcecode.c.h; path = AFJSONRequestOperation.h; sourceTree = "<group>"; };
		5189B36615B399CA00562DD0 /* AFJSONRequestOperation.m */ = {isa = PBXFileReference; fileEncoding = 4; lastKnownFileType = sourcecode.c.objc; path = AFJSONRequestOperation.m; sourceTree = "<group>"; };
		5189B36715B399CA00562DD0 /* AFJSONUtilities.h */ = {isa = PBXFileReference; fileEncoding = 4; lastKnownFileType = sourcecode.c.h; path = AFJSONUtilities.h; sourceTree = "<group>"; };
		5189B36815B399CA00562DD0 /* AFJSONUtilities.m */ = {isa = PBXFileReference; fileEncoding = 4; lastKnownFileType = sourcecode.c.objc; path = AFJSONUtilities.m; sourceTree = "<group>"; };
		5189B36915B399CA00562DD0 /* AFNetworkActivityIndicatorManager.h */ = {isa = PBXFileReference; fileEncoding = 4; lastKnownFileType = sourcecode.c.h; path = AFNetworkActivityIndicatorManager.h; sourceTree = "<group>"; };
		5189B36A15B399CA00562DD0 /* AFNetworkActivityIndicatorManager.m */ = {isa = PBXFileReference; fileEncoding = 4; lastKnownFileType = sourcecode.c.objc; path = AFNetworkActivityIndicatorManager.m; sourceTree = "<group>"; };
		5189B36B15B399CA00562DD0 /* AFNetworking.h */ = {isa = PBXFileReference; fileEncoding = 4; lastKnownFileType = sourcecode.c.h; path = AFNetworking.h; sourceTree = "<group>"; };
		5189B36C15B399CA00562DD0 /* AFPropertyListRequestOperation.h */ = {isa = PBXFileReference; fileEncoding = 4; lastKnownFileType = sourcecode.c.h; path = AFPropertyListRequestOperation.h; sourceTree = "<group>"; };
		5189B36D15B399CA00562DD0 /* AFPropertyListRequestOperation.m */ = {isa = PBXFileReference; fileEncoding = 4; lastKnownFileType = sourcecode.c.objc; path = AFPropertyListRequestOperation.m; sourceTree = "<group>"; };
		5189B36E15B399CA00562DD0 /* AFURLConnectionOperation.h */ = {isa = PBXFileReference; fileEncoding = 4; lastKnownFileType = sourcecode.c.h; path = AFURLConnectionOperation.h; sourceTree = "<group>"; };
		5189B36F15B399CA00562DD0 /* AFURLConnectionOperation.m */ = {isa = PBXFileReference; fileEncoding = 4; lastKnownFileType = sourcecode.c.objc; path = AFURLConnectionOperation.m; sourceTree = "<group>"; };
		5189B37015B399CA00562DD0 /* AFXMLRequestOperation.h */ = {isa = PBXFileReference; fileEncoding = 4; lastKnownFileType = sourcecode.c.h; path = AFXMLRequestOperation.h; sourceTree = "<group>"; };
		5189B37115B399CA00562DD0 /* AFXMLRequestOperation.m */ = {isa = PBXFileReference; fileEncoding = 4; lastKnownFileType = sourcecode.c.objc; path = AFXMLRequestOperation.m; sourceTree = "<group>"; };
		5189B37215B399CA00562DD0 /* UIImageView+AFNetworking.h */ = {isa = PBXFileReference; fileEncoding = 4; lastKnownFileType = sourcecode.c.h; path = "UIImageView+AFNetworking.h"; sourceTree = "<group>"; };
		5189B37315B399CA00562DD0 /* UIImageView+AFNetworking.m */ = {isa = PBXFileReference; fileEncoding = 4; lastKnownFileType = sourcecode.c.objc; path = "UIImageView+AFNetworking.m"; sourceTree = "<group>"; };
		5189B37F15B399E400562DD0 /* MBProgressHUD.h */ = {isa = PBXFileReference; fileEncoding = 4; lastKnownFileType = sourcecode.c.h; path = MBProgressHUD.h; sourceTree = "<group>"; };
		5189B38015B399E400562DD0 /* MBProgressHUD.m */ = {isa = PBXFileReference; fileEncoding = 4; lastKnownFileType = sourcecode.c.objc; path = MBProgressHUD.m; sourceTree = "<group>"; };
		5189B38215B39A7F00562DD0 /* Parse.framework */ = {isa = PBXFileReference; lastKnownFileType = wrapper.framework; path = Parse.framework; sourceTree = "<group>"; };
		5189B38715B39AE300562DD0 /* NSAlert+MKNetworkKitAdditions.m */ = {isa = PBXFileReference; fileEncoding = 4; lastKnownFileType = sourcecode.c.objc; path = "NSAlert+MKNetworkKitAdditions.m"; sourceTree = "<group>"; };
		5189B38815B39AE300562DD0 /* NSData+Base64.h */ = {isa = PBXFileReference; fileEncoding = 4; lastKnownFileType = sourcecode.c.h; path = "NSData+Base64.h"; sourceTree = "<group>"; };
		5189B38915B39AE300562DD0 /* NSData+Base64.m */ = {isa = PBXFileReference; fileEncoding = 4; lastKnownFileType = sourcecode.c.objc; path = "NSData+Base64.m"; sourceTree = "<group>"; };
		5189B38A15B39AE300562DD0 /* NSDate+RFC1123.h */ = {isa = PBXFileReference; fileEncoding = 4; lastKnownFileType = sourcecode.c.h; path = "NSDate+RFC1123.h"; sourceTree = "<group>"; };
		5189B38B15B39AE300562DD0 /* NSDate+RFC1123.m */ = {isa = PBXFileReference; fileEncoding = 4; lastKnownFileType = sourcecode.c.objc; path = "NSDate+RFC1123.m"; sourceTree = "<group>"; };
		5189B38C15B39AE300562DD0 /* NSDictionary+RequestEncoding.h */ = {isa = PBXFileReference; fileEncoding = 4; lastKnownFileType = sourcecode.c.h; path = "NSDictionary+RequestEncoding.h"; sourceTree = "<group>"; };
		5189B38D15B39AE300562DD0 /* NSDictionary+RequestEncoding.m */ = {isa = PBXFileReference; fileEncoding = 4; lastKnownFileType = sourcecode.c.objc; path = "NSDictionary+RequestEncoding.m"; sourceTree = "<group>"; };
		5189B38E15B39AE300562DD0 /* NSString+MKNetworkKitAdditions.h */ = {isa = PBXFileReference; fileEncoding = 4; lastKnownFileType = sourcecode.c.h; path = "NSString+MKNetworkKitAdditions.h"; sourceTree = "<group>"; };
		5189B38F15B39AE300562DD0 /* NSString+MKNetworkKitAdditions.m */ = {isa = PBXFileReference; fileEncoding = 4; lastKnownFileType = sourcecode.c.objc; path = "NSString+MKNetworkKitAdditions.m"; sourceTree = "<group>"; };
		5189B39015B39AE300562DD0 /* UIAlertView+MKNetworkKitAdditions.h */ = {isa = PBXFileReference; fileEncoding = 4; lastKnownFileType = sourcecode.c.h; path = "UIAlertView+MKNetworkKitAdditions.h"; sourceTree = "<group>"; };
		5189B39115B39AE300562DD0 /* UIAlertView+MKNetworkKitAdditions.m */ = {isa = PBXFileReference; fileEncoding = 4; lastKnownFileType = sourcecode.c.objc; path = "UIAlertView+MKNetworkKitAdditions.m"; sourceTree = "<group>"; };
		5189B39215B39AE300562DD0 /* MKNetworkEngine.h */ = {isa = PBXFileReference; fileEncoding = 4; lastKnownFileType = sourcecode.c.h; path = MKNetworkEngine.h; sourceTree = "<group>"; };
		5189B39315B39AE300562DD0 /* MKNetworkEngine.m */ = {isa = PBXFileReference; fileEncoding = 4; lastKnownFileType = sourcecode.c.objc; path = MKNetworkEngine.m; sourceTree = "<group>"; };
		5189B39415B39AE300562DD0 /* MKNetworkKit.h */ = {isa = PBXFileReference; fileEncoding = 4; lastKnownFileType = sourcecode.c.h; path = MKNetworkKit.h; sourceTree = "<group>"; };
		5189B39515B39AE300562DD0 /* MKNetworkOperation.h */ = {isa = PBXFileReference; fileEncoding = 4; lastKnownFileType = sourcecode.c.h; path = MKNetworkOperation.h; sourceTree = "<group>"; };
		5189B39615B39AE300562DD0 /* MKNetworkOperation.m */ = {isa = PBXFileReference; fileEncoding = 4; lastKnownFileType = sourcecode.c.objc; path = MKNetworkOperation.m; sourceTree = "<group>"; };
		5189B39815B39AE300562DD0 /* Reachability.h */ = {isa = PBXFileReference; fileEncoding = 4; lastKnownFileType = sourcecode.c.h; path = Reachability.h; sourceTree = "<group>"; };
		5189B39915B39AE300562DD0 /* Reachability.m */ = {isa = PBXFileReference; fileEncoding = 4; lastKnownFileType = sourcecode.c.objc; path = Reachability.m; sourceTree = "<group>"; };
		5189B3A415B39B1500562DD0 /* arrow.png */ = {isa = PBXFileReference; lastKnownFileType = image.png; path = arrow.png; sourceTree = "<group>"; };
		5189B3A515B39B1500562DD0 /* arrow@2x.png */ = {isa = PBXFileReference; lastKnownFileType = image.png; path = "arrow@2x.png"; sourceTree = "<group>"; };
		5189B3A615B39B1500562DD0 /* PullToRefreshView.h */ = {isa = PBXFileReference; fileEncoding = 4; lastKnownFileType = sourcecode.c.h; path = PullToRefreshView.h; sourceTree = "<group>"; };
		5189B3A715B39B1500562DD0 /* PullToRefreshView.m */ = {isa = PBXFileReference; fileEncoding = 4; lastKnownFileType = sourcecode.c.objc; path = PullToRefreshView.m; sourceTree = "<group>"; };
		5189B3AE15B39B1F00562DD0 /* libTestFlight.a */ = {isa = PBXFileReference; lastKnownFileType = archive.ar; path = libTestFlight.a; sourceTree = "<group>"; };
		5189B3AF15B39B1F00562DD0 /* README.txt */ = {isa = PBXFileReference; fileEncoding = 4; lastKnownFileType = text; path = README.txt; sourceTree = "<group>"; };
		5189B3B015B39B1F00562DD0 /* release_notes.txt */ = {isa = PBXFileReference; fileEncoding = 4; lastKnownFileType = text; path = release_notes.txt; sourceTree = "<group>"; };
		5189B3B115B39B1F00562DD0 /* TestFlight.h */ = {isa = PBXFileReference; fileEncoding = 4; lastKnownFileType = sourcecode.c.h; path = TestFlight.h; sourceTree = "<group>"; };
		5189B3B615B39B9300562DD0 /* CoreLocation.framework */ = {isa = PBXFileReference; lastKnownFileType = wrapper.framework; name = CoreLocation.framework; path = System/Library/Frameworks/CoreLocation.framework; sourceTree = SDKROOT; };
		5189B3B815B39BA400562DD0 /* libz.1.1.3.dylib */ = {isa = PBXFileReference; lastKnownFileType = "compiled.mach-o.dylib"; name = libz.1.1.3.dylib; path = usr/lib/libz.1.1.3.dylib; sourceTree = SDKROOT; };
		5189B3B915B39BA400562DD0 /* libz.dylib */ = {isa = PBXFileReference; lastKnownFileType = "compiled.mach-o.dylib"; name = libz.dylib; path = usr/lib/libz.dylib; sourceTree = SDKROOT; };
		5189B3BC15B39BB800562DD0 /* Security.framework */ = {isa = PBXFileReference; lastKnownFileType = wrapper.framework; name = Security.framework; path = System/Library/Frameworks/Security.framework; sourceTree = SDKROOT; };
		5189B3BE15B39BBF00562DD0 /* SystemConfiguration.framework */ = {isa = PBXFileReference; lastKnownFileType = wrapper.framework; name = SystemConfiguration.framework; path = System/Library/Frameworks/SystemConfiguration.framework; sourceTree = SDKROOT; };
		5189B3C015B39BC500562DD0 /* CFNetwork.framework */ = {isa = PBXFileReference; lastKnownFileType = wrapper.framework; name = CFNetwork.framework; path = System/Library/Frameworks/CFNetwork.framework; sourceTree = SDKROOT; };
		5189B3C215B39BCC00562DD0 /* MapKit.framework */ = {isa = PBXFileReference; lastKnownFileType = wrapper.framework; name = MapKit.framework; path = System/Library/Frameworks/MapKit.framework; sourceTree = SDKROOT; };
		5189B3C415B39BD100562DD0 /* QuartzCore.framework */ = {isa = PBXFileReference; lastKnownFileType = wrapper.framework; name = QuartzCore.framework; path = System/Library/Frameworks/QuartzCore.framework; sourceTree = SDKROOT; };
		5189B3C615B39BE100562DD0 /* MobileCoreServices.framework */ = {isa = PBXFileReference; lastKnownFileType = wrapper.framework; name = MobileCoreServices.framework; path = System/Library/Frameworks/MobileCoreServices.framework; sourceTree = SDKROOT; };
		5189B3C815B39BE700562DD0 /* AudioToolbox.framework */ = {isa = PBXFileReference; lastKnownFileType = wrapper.framework; name = AudioToolbox.framework; path = System/Library/Frameworks/AudioToolbox.framework; sourceTree = SDKROOT; };
		5189B3CA15B39E7400562DD0 /* MainStoryboard.storyboard */ = {isa = PBXFileReference; fileEncoding = 4; lastKnownFileType = file.storyboard; name = MainStoryboard.storyboard; path = en.lproj/MainStoryboard.storyboard; sourceTree = "<group>"; };
		519AFA6915C11F3600F68F3C /* BNOperationAction.h */ = {isa = PBXFileReference; fileEncoding = 4; lastKnownFileType = sourcecode.c.h; path = BNOperationAction.h; sourceTree = "<group>"; };
		519AFA6A15C11F3600F68F3C /* BNOperationAction.m */ = {isa = PBXFileReference; fileEncoding = 4; lastKnownFileType = sourcecode.c.objc; path = BNOperationAction.m; sourceTree = "<group>"; };
		519AFA7115C26F5D00F68F3C /* AssetsLibrary.framework */ = {isa = PBXFileReference; lastKnownFileType = wrapper.framework; name = AssetsLibrary.framework; path = System/Library/Frameworks/AssetsLibrary.framework; sourceTree = SDKROOT; };
		519AFA7415C4B9DE00F68F3C /* User+Edit.h */ = {isa = PBXFileReference; fileEncoding = 4; lastKnownFileType = sourcecode.c.h; path = "User+Edit.h"; sourceTree = "<group>"; };
		519AFA7515C4B9DE00F68F3C /* User+Edit.m */ = {isa = PBXFileReference; fileEncoding = 4; lastKnownFileType = sourcecode.c.objc; path = "User+Edit.m"; sourceTree = "<group>"; };
		51CF3E2B15BFEBA700FFC0D1 /* BNOperationDependency.h */ = {isa = PBXFileReference; fileEncoding = 4; lastKnownFileType = sourcecode.c.h; path = BNOperationDependency.h; sourceTree = "<group>"; };
		51CF3E2C15BFEBA700FFC0D1 /* BNOperationDependency.m */ = {isa = PBXFileReference; fileEncoding = 4; lastKnownFileType = sourcecode.c.objc; path = BNOperationDependency.m; sourceTree = "<group>"; };
		51CF3E2E15BFEDB200FFC0D1 /* BNOperationObject.h */ = {isa = PBXFileReference; fileEncoding = 4; lastKnownFileType = sourcecode.c.h; path = BNOperationObject.h; sourceTree = "<group>"; };
		51CF3E2F15BFEDB200FFC0D1 /* BNOperationObject.m */ = {isa = PBXFileReference; fileEncoding = 4; lastKnownFileType = sourcecode.c.objc; path = BNOperationObject.m; sourceTree = "<group>"; };
/* End PBXFileReference section */

/* Begin PBXFrameworksBuildPhase section */
		5189B2B015B387E200562DD0 /* Frameworks */ = {
			isa = PBXFrameworksBuildPhase;
			buildActionMask = 2147483647;
			files = (
				519AFA7215C26F5D00F68F3C /* AssetsLibrary.framework in Frameworks */,
				5189B45715B3A38E00562DD0 /* QuartzCore.framework in Frameworks */,
				5189B3C915B39BE700562DD0 /* AudioToolbox.framework in Frameworks */,
				5189B3C715B39BE100562DD0 /* MobileCoreServices.framework in Frameworks */,
				5189B2BC15B387E200562DD0 /* CoreGraphics.framework in Frameworks */,
				5189B3C315B39BCC00562DD0 /* MapKit.framework in Frameworks */,
				5189B3C115B39BC500562DD0 /* CFNetwork.framework in Frameworks */,
				5189B3BF15B39BBF00562DD0 /* SystemConfiguration.framework in Frameworks */,
				5189B3BD15B39BB800562DD0 /* Security.framework in Frameworks */,
				5189B3BA15B39BA400562DD0 /* libz.1.1.3.dylib in Frameworks */,
				5189B3BB15B39BA400562DD0 /* libz.dylib in Frameworks */,
				5189B3B715B39B9300562DD0 /* CoreLocation.framework in Frameworks */,
				5189B2B815B387E200562DD0 /* UIKit.framework in Frameworks */,
				5189B2BA15B387E200562DD0 /* Foundation.framework in Frameworks */,
				5189B38315B39A7F00562DD0 /* Parse.framework in Frameworks */,
				5189B3B215B39B1F00562DD0 /* libTestFlight.a in Frameworks */,
			);
			runOnlyForDeploymentPostprocessing = 0;
		};
/* End PBXFrameworksBuildPhase section */

/* Begin PBXGroup section */
		5123CF3B15CDFEB700970A3E /* File */ = {
			isa = PBXGroup;
			children = (
				5123CF3415CDFEA100970A3E /* File.h */,
				5123CF3515CDFEA100970A3E /* File.m */,
				5123CF3815CDFEB100970A3E /* File+Create.h */,
				5123CF3915CDFEB100970A3E /* File+Create.m */,
			);
			name = File;
			sourceTree = "<group>";
		};
		5166B1B515E75B420072749C /* Resources */ = {
			isa = PBXGroup;
			children = (
				5166B1B615E75B420072749C /* buttonFacebook.png */,
				5166B1B715E75B420072749C /* buttonFacebook@2x.png */,
				5166B1B815E75B420072749C /* buttonFacebookSelected.png */,
				5166B1B915E75B420072749C /* buttonFacebookSelected@2x.png */,
			);
			path = Resources;
			sourceTree = "<group>";
		};
		5189B2A815B387E100562DD0 = {
			isa = PBXGroup;
			children = (
				5189B3B515B39B2700562DD0 /* Licensed Softwares */,
				5189B2BD15B387E200562DD0 /* Banyan */,
				5189B2B615B387E200562DD0 /* Frameworks */,
				5189B2B415B387E200562DD0 /* Products */,
			);
			sourceTree = "<group>";
		};
		5189B2B415B387E200562DD0 /* Products */ = {
			isa = PBXGroup;
			children = (
				5189B2B315B387E200562DD0 /* Banyan.app */,
			);
			name = Products;
			sourceTree = "<group>";
		};
		5189B2B615B387E200562DD0 /* Frameworks */ = {
			isa = PBXGroup;
			children = (
				519AFA7115C26F5D00F68F3C /* AssetsLibrary.framework */,
				5189B3C815B39BE700562DD0 /* AudioToolbox.framework */,
				5189B3C615B39BE100562DD0 /* MobileCoreServices.framework */,
				5189B3C415B39BD100562DD0 /* QuartzCore.framework */,
				5189B3C215B39BCC00562DD0 /* MapKit.framework */,
				5189B3C015B39BC500562DD0 /* CFNetwork.framework */,
				5189B3BE15B39BBF00562DD0 /* SystemConfiguration.framework */,
				5189B3BC15B39BB800562DD0 /* Security.framework */,
				5189B3B815B39BA400562DD0 /* libz.1.1.3.dylib */,
				5189B3B915B39BA400562DD0 /* libz.dylib */,
				5189B3B615B39B9300562DD0 /* CoreLocation.framework */,
				5189B38215B39A7F00562DD0 /* Parse.framework */,
				5189B2B715B387E200562DD0 /* UIKit.framework */,
				5189B2B915B387E200562DD0 /* Foundation.framework */,
				5189B2BB15B387E200562DD0 /* CoreGraphics.framework */,
			);
			name = Frameworks;
			sourceTree = "<group>";
		};
		5189B2BD15B387E200562DD0 /* Banyan */ = {
			isa = PBXGroup;
			children = (
				5189B3CA15B39E7400562DD0 /* MainStoryboard.storyboard */,
				5189B35415B3968600562DD0 /* Account Management */,
				5189B35315B3967A00562DD0 /* New Story */,
				5189B35915B3971400562DD0 /* Read and Edit Scenes */,
				5189B35215B3965A00562DD0 /* Model */,
				5189B35115B3964000562DD0 /* Networking Extensions */,
				5189B35815B396FA00562DD0 /* Data handling */,
				5189B35B15B3976700562DD0 /* Story List */,
				5189B35C15B397BD00562DD0 /* Helpful Categories */,
				5189B2C615B387E200562DD0 /* BanyanAppDelegate.h */,
				5189B2C715B387E200562DD0 /* BanyanAppDelegate.m */,
				5189B2BE15B387E200562DD0 /* Supporting Files */,
				5166B1B515E75B420072749C /* Resources */,
			);
			path = Banyan;
			sourceTree = "<group>";
		};
		5189B2BE15B387E200562DD0 /* Supporting Files */ = {
			isa = PBXGroup;
			children = (
				5189B2BF15B387E200562DD0 /* Banyan-Info.plist */,
				5189B2C015B387E200562DD0 /* InfoPlist.strings */,
				5189B2C315B387E200562DD0 /* main.m */,
				5189B2C515B387E200562DD0 /* Banyan-Prefix.pch */,
			);
			name = "Supporting Files";
			sourceTree = "<group>";
		};
		5189B35115B3964000562DD0 /* Networking Extensions */ = {
			isa = PBXGroup;
			children = (
				5189B2D515B395F300562DD0 /* AFParseAPIClient.h */,
				5189B2D615B395F300562DD0 /* AFParseAPIClient.m */,
				5189B2D915B395F300562DD0 /* BanyanAPIEngine.h */,
				5189B2DA15B395F300562DD0 /* BanyanAPIEngine.m */,
				5189B2E815B395F300562DD0 /* ParseAPIEngine.h */,
				5189B2E915B395F300562DD0 /* ParseAPIEngine.m */,
				519AFA7715C4C38B00F68F3C /* BNOperation */,
			);
			name = "Networking Extensions";
			path = ..;
			sourceTree = "<group>";
		};
		5189B35215B3965A00562DD0 /* Model */ = {
			isa = PBXGroup;
			children = (
				5189B2D715B395F300562DD0 /* ArrayToDataTransformer.h */,
				5189B2D815B395F300562DD0 /* ArrayToDataTransformer.m */,
				5189B2DB15B395F300562DD0 /* ImageToDataTransformer.h */,
				5189B2DC15B395F300562DD0 /* ImageToDataTransformer.m */,
				517D164815D23529005F38C8 /* BNLocationManager.h */,
				517D164915D23529005F38C8 /* BNLocationManager.m */,
				5123CF3B15CDFEB700970A3E /* File */,
				5189B35D15B397D900562DD0 /* User */,
				5189B35715B396E700562DD0 /* Scene */,
				5189B35A15B3975100562DD0 /* Story */,
			);
			name = Model;
			path = ..;
			sourceTree = "<group>";
		};
		5189B35315B3967A00562DD0 /* New Story */ = {
			isa = PBXGroup;
			children = (
				5189B2E615B395F300562DD0 /* NewStoryViewController.h */,
				5189B2E715B395F300562DD0 /* NewStoryViewController.m */,
				5189B2DD15B395F300562DD0 /* InvitedTableViewController.h */,
				5189B2DE15B395F300562DD0 /* InvitedTableViewController.m */,
			);
			name = "New Story";
			path = ..;
			sourceTree = "<group>";
		};
		5189B35415B3968600562DD0 /* Account Management */ = {
			isa = PBXGroup;
			children = (
				5189B2DF15B395F300562DD0 /* LoginTabbarViewController.h */,
				5189B2E015B395F300562DD0 /* LoginTabbarViewController.m */,
				5189B2E115B395F300562DD0 /* LoginTabbarViewController.xib */,
				5189B32215B395F300562DD0 /* UserLoginViewController.h */,
				5189B32315B395F300562DD0 /* UserLoginViewController.m */,
				5189B32415B395F300562DD0 /* UserLoginViewController.xib */,
				5189B32515B395F300562DD0 /* UserManagementModule.h */,
				5189B32615B395F300562DD0 /* UserManagementModule.m */,
			);
			name = "Account Management";
			path = ..;
			sourceTree = "<group>";
		};
		5189B35515B3969700562DD0 /* Add or Edit Scene */ = {
			isa = PBXGroup;
			children = (
				5189B2E315B395F300562DD0 /* ModifySceneViewController.h */,
				5189B2E415B395F300562DD0 /* ModifySceneViewController.m */,
				5189B2E515B395F300562DD0 /* ModifySceneViewController.xib */,
			);
			name = "Add or Edit Scene";
			sourceTree = "<group>";
		};
		5189B35615B396D600562DD0 /* Read Scene */ = {
			isa = PBXGroup;
			children = (
				5189B2EE15B395F300562DD0 /* ReadSceneViewController.h */,
				5189B2EF15B395F300562DD0 /* ReadSceneViewController.m */,
				5189B2F015B395F300562DD0 /* ReadSceneViewController.xib */,
			);
			name = "Read Scene";
			sourceTree = "<group>";
		};
		5189B35715B396E700562DD0 /* Scene */ = {
			isa = PBXGroup;
			children = (
				5189B2F115B395F300562DD0 /* Scene_Defines.h */,
				5189B2F215B395F300562DD0 /* Scene.h */,
				5189B2F315B395F300562DD0 /* Scene.m */,
				5189B2F415B395F300562DD0 /* Scene+Create.h */,
				5189B2F515B395F300562DD0 /* Scene+Create.m */,
				5189B2F615B395F300562DD0 /* Scene+Delete.h */,
				5189B2F715B395F300562DD0 /* Scene+Delete.m */,
				5189B2F815B395F300562DD0 /* Scene+Edit.h */,
				5189B2F915B395F300562DD0 /* Scene+Edit.m */,
				5189B2FA15B395F300562DD0 /* Scene+Stats.h */,
				5189B2FB15B395F300562DD0 /* Scene+Stats.m */,
			);
			name = Scene;
			sourceTree = "<group>";
		};
		5189B35815B396FA00562DD0 /* Data handling */ = {
			isa = PBXGroup;
			children = (
				5189B2EA15B395F300562DD0 /* ParseConnection.h */,
				5189B2EB15B395F300562DD0 /* ParseConnection.m */,
				5189B31315B395F300562DD0 /* StoryDocuments.h */,
				5189B31415B395F300562DD0 /* StoryDocuments.m */,
			);
			name = "Data handling";
			path = ..;
			sourceTree = "<group>";
		};
		5189B35915B3971400562DD0 /* Read and Edit Scenes */ = {
			isa = PBXGroup;
			children = (
				5189B30015B395F300562DD0 /* ScenesViewController.h */,
				5189B30115B395F300562DD0 /* ScenesViewController.m */,
				5189B35515B3969700562DD0 /* Add or Edit Scene */,
				5189B35615B396D600562DD0 /* Read Scene */,
			);
			name = "Read and Edit Scenes";
			path = ..;
			sourceTree = "<group>";
		};
		5189B35A15B3975100562DD0 /* Story */ = {
			isa = PBXGroup;
			children = (
				5189B30815B395F300562DD0 /* Story_Defines.h */,
				5189B30915B395F300562DD0 /* Story.h */,
				5189B30A15B395F300562DD0 /* Story.m */,
				5189B30B15B395F300562DD0 /* Story+Create.h */,
				5189B30C15B395F300562DD0 /* Story+Create.m */,
				5189B30D15B395F300562DD0 /* Story+Delete.h */,
				5189B30E15B395F300562DD0 /* Story+Delete.m */,
				5189B30F15B395F300562DD0 /* Story+Edit.h */,
				5189B31015B395F300562DD0 /* Story+Edit.m */,
				5189B31115B395F300562DD0 /* Story+Stats.h */,
				5189B31215B395F300562DD0 /* Story+Stats.m */,
			);
			name = Story;
			sourceTree = "<group>";
		};
		5189B35B15B3976700562DD0 /* Story List */ = {
			isa = PBXGroup;
			children = (
				5189B31515B395F300562DD0 /* StoryListStoryCell.h */,
				5189B31615B395F300562DD0 /* StoryListStoryCell.m */,
				5189B31715B395F300562DD0 /* StoryListTableViewController.h */,
				5189B31815B395F300562DD0 /* StoryListTableViewController.m */,
				5138D7E415B7E138007B4D7D /* BanyanDataSource.h */,
				5138D7E515B7E138007B4D7D /* BanyanDataSource.m */,
			);
			name = "Story List";
			path = ..;
			sourceTree = "<group>";
		};
		5189B35C15B397BD00562DD0 /* Helpful Categories */ = {
			isa = PBXGroup;
			children = (
				5189B31C15B395F300562DD0 /* UIImage+SizeAndOrientation.h */,
				5189B31D15B395F300562DD0 /* UIImage+SizeAndOrientation.m */,
			);
			name = "Helpful Categories";
			path = ..;
			sourceTree = "<group>";
		};
		5189B35D15B397D900562DD0 /* User */ = {
			isa = PBXGroup;
			children = (
				5189B31F15B395F300562DD0 /* User_Defines.h */,
				5189B32015B395F300562DD0 /* User.h */,
				5189B32115B395F300562DD0 /* User.m */,
				519AFA7415C4B9DE00F68F3C /* User+Edit.h */,
				519AFA7515C4B9DE00F68F3C /* User+Edit.m */,
			);
			name = User;
			sourceTree = "<group>";
		};
		5189B35E15B399CA00562DD0 /* AFNetworking */ = {
			isa = PBXGroup;
			children = (
				5189B35F15B399CA00562DD0 /* AFHTTPClient.h */,
				5189B36015B399CA00562DD0 /* AFHTTPClient.m */,
				5189B36115B399CA00562DD0 /* AFHTTPRequestOperation.h */,
				5189B36215B399CA00562DD0 /* AFHTTPRequestOperation.m */,
				5189B36315B399CA00562DD0 /* AFImageRequestOperation.h */,
				5189B36415B399CA00562DD0 /* AFImageRequestOperation.m */,
				5189B36515B399CA00562DD0 /* AFJSONRequestOperation.h */,
				5189B36615B399CA00562DD0 /* AFJSONRequestOperation.m */,
				5189B36715B399CA00562DD0 /* AFJSONUtilities.h */,
				5189B36815B399CA00562DD0 /* AFJSONUtilities.m */,
				5189B36915B399CA00562DD0 /* AFNetworkActivityIndicatorManager.h */,
				5189B36A15B399CA00562DD0 /* AFNetworkActivityIndicatorManager.m */,
				5189B36B15B399CA00562DD0 /* AFNetworking.h */,
				5189B36C15B399CA00562DD0 /* AFPropertyListRequestOperation.h */,
				5189B36D15B399CA00562DD0 /* AFPropertyListRequestOperation.m */,
				5189B36E15B399CA00562DD0 /* AFURLConnectionOperation.h */,
				5189B36F15B399CA00562DD0 /* AFURLConnectionOperation.m */,
				5189B37015B399CA00562DD0 /* AFXMLRequestOperation.h */,
				5189B37115B399CA00562DD0 /* AFXMLRequestOperation.m */,
				5189B37215B399CA00562DD0 /* UIImageView+AFNetworking.h */,
				5189B37315B399CA00562DD0 /* UIImageView+AFNetworking.m */,
			);
			path = AFNetworking;
			sourceTree = "<group>";
		};
		5189B37E15B399E400562DD0 /* MBProgressHUD */ = {
			isa = PBXGroup;
			children = (
				5189B37F15B399E400562DD0 /* MBProgressHUD.h */,
				5189B38015B399E400562DD0 /* MBProgressHUD.m */,
			);
			path = MBProgressHUD;
			sourceTree = "<group>";
		};
		5189B38415B39AE300562DD0 /* MKNetworkKit */ = {
			isa = PBXGroup;
			children = (
				5189B38515B39AE300562DD0 /* Categories */,
				5189B39215B39AE300562DD0 /* MKNetworkEngine.h */,
				5189B39315B39AE300562DD0 /* MKNetworkEngine.m */,
				5189B39415B39AE300562DD0 /* MKNetworkKit.h */,
				5189B39515B39AE300562DD0 /* MKNetworkOperation.h */,
				5189B39615B39AE300562DD0 /* MKNetworkOperation.m */,
				5189B39715B39AE300562DD0 /* Reachability */,
			);
			path = MKNetworkKit;
			sourceTree = "<group>";
		};
		5189B38515B39AE300562DD0 /* Categories */ = {
			isa = PBXGroup;
			children = (
				5189B38715B39AE300562DD0 /* NSAlert+MKNetworkKitAdditions.m */,
				5189B38815B39AE300562DD0 /* NSData+Base64.h */,
				5189B38915B39AE300562DD0 /* NSData+Base64.m */,
				5189B38A15B39AE300562DD0 /* NSDate+RFC1123.h */,
				5189B38B15B39AE300562DD0 /* NSDate+RFC1123.m */,
				5189B38C15B39AE300562DD0 /* NSDictionary+RequestEncoding.h */,
				5189B38D15B39AE300562DD0 /* NSDictionary+RequestEncoding.m */,
				5189B38E15B39AE300562DD0 /* NSString+MKNetworkKitAdditions.h */,
				5189B38F15B39AE300562DD0 /* NSString+MKNetworkKitAdditions.m */,
				5189B39015B39AE300562DD0 /* UIAlertView+MKNetworkKitAdditions.h */,
				5189B39115B39AE300562DD0 /* UIAlertView+MKNetworkKitAdditions.m */,
			);
			path = Categories;
			sourceTree = "<group>";
		};
		5189B39715B39AE300562DD0 /* Reachability */ = {
			isa = PBXGroup;
			children = (
				5189B39815B39AE300562DD0 /* Reachability.h */,
				5189B39915B39AE300562DD0 /* Reachability.m */,
			);
			path = Reachability;
			sourceTree = "<group>";
		};
		5189B3A315B39B1500562DD0 /* PullToRefreshView */ = {
			isa = PBXGroup;
			children = (
				5189B3A415B39B1500562DD0 /* arrow.png */,
				5189B3A515B39B1500562DD0 /* arrow@2x.png */,
				5189B3A615B39B1500562DD0 /* PullToRefreshView.h */,
				5189B3A715B39B1500562DD0 /* PullToRefreshView.m */,
			);
			path = PullToRefreshView;
			sourceTree = "<group>";
		};
		5189B3AD15B39B1F00562DD0 /* TestFlightSDK1.0 */ = {
			isa = PBXGroup;
			children = (
				5189B3AE15B39B1F00562DD0 /* libTestFlight.a */,
				5189B3AF15B39B1F00562DD0 /* README.txt */,
				5189B3B015B39B1F00562DD0 /* release_notes.txt */,
				5189B3B115B39B1F00562DD0 /* TestFlight.h */,
			);
			path = TestFlightSDK1.0;
			sourceTree = "<group>";
		};
		5189B3B515B39B2700562DD0 /* Licensed Softwares */ = {
			isa = PBXGroup;
			children = (
				5189B35E15B399CA00562DD0 /* AFNetworking */,
				5189B37E15B399E400562DD0 /* MBProgressHUD */,
				5189B38415B39AE300562DD0 /* MKNetworkKit */,
				5189B3AD15B39B1F00562DD0 /* TestFlightSDK1.0 */,
				5189B3A315B39B1500562DD0 /* PullToRefreshView */,
			);
			name = "Licensed Softwares";
			sourceTree = "<group>";
		};
		519AFA7715C4C38B00F68F3C /* BNOperation */ = {
			isa = PBXGroup;
			children = (
				51CF3E2B15BFEBA700FFC0D1 /* BNOperationDependency.h */,
				51CF3E2C15BFEBA700FFC0D1 /* BNOperationDependency.m */,
				519AFA6915C11F3600F68F3C /* BNOperationAction.h */,
				519AFA6A15C11F3600F68F3C /* BNOperationAction.m */,
				51CF3E2E15BFEDB200FFC0D1 /* BNOperationObject.h */,
				51CF3E2F15BFEDB200FFC0D1 /* BNOperationObject.m */,
				5110A7BD15B3EB0A00D4FBD1 /* BNOperation.h */,
				5110A7BE15B3EB0A00D4FBD1 /* BNOperation.m */,
				5110A7C515B5DB3700D4FBD1 /* BNOperationQueue.h */,
				5110A7C615B5DB3700D4FBD1 /* BNOperationQueue.m */,
			);
			name = BNOperation;
			sourceTree = "<group>";
		};
/* End PBXGroup section */

/* Begin PBXNativeTarget section */
		5189B2B215B387E200562DD0 /* Banyan */ = {
			isa = PBXNativeTarget;
			buildConfigurationList = 5189B2CB15B387E200562DD0 /* Build configuration list for PBXNativeTarget "Banyan" */;
			buildPhases = (
				5189B2AF15B387E200562DD0 /* Sources */,
				5189B2B015B387E200562DD0 /* Frameworks */,
				5189B2B115B387E200562DD0 /* Resources */,
			);
			buildRules = (
			);
			dependencies = (
			);
			name = Banyan;
			productName = Banyan;
			productReference = 5189B2B315B387E200562DD0 /* Banyan.app */;
			productType = "com.apple.product-type.application";
		};
/* End PBXNativeTarget section */

/* Begin PBXProject section */
		5189B2AA15B387E100562DD0 /* Project object */ = {
			isa = PBXProject;
			attributes = {
				LastUpgradeCheck = 0430;
				ORGANIZATIONNAME = "";
			};
			buildConfigurationList = 5189B2AD15B387E100562DD0 /* Build configuration list for PBXProject "Banyan" */;
			compatibilityVersion = "Xcode 3.2";
			developmentRegion = English;
			hasScannedForEncodings = 0;
			knownRegions = (
				en,
			);
			mainGroup = 5189B2A815B387E100562DD0;
			productRefGroup = 5189B2B415B387E200562DD0 /* Products */;
			projectDirPath = "";
			projectRoot = "";
			targets = (
				5189B2B215B387E200562DD0 /* Banyan */,
			);
		};
/* End PBXProject section */

/* Begin PBXResourcesBuildPhase section */
		5189B2B115B387E200562DD0 /* Resources */ = {
			isa = PBXResourcesBuildPhase;
			buildActionMask = 2147483647;
			files = (
				5189B2C215B387E200562DD0 /* InfoPlist.strings in Resources */,
				5189B32D15B395F300562DD0 /* LoginTabbarViewController.xib in Resources */,
				5189B33015B395F300562DD0 /* ModifySceneViewController.xib in Resources */,
				5189B33615B395F300562DD0 /* ReadSceneViewController.xib in Resources */,
				5189B34E15B395F300562DD0 /* UserLoginViewController.xib in Resources */,
				5189B3A915B39B1500562DD0 /* arrow.png in Resources */,
				5189B3AA15B39B1500562DD0 /* arrow@2x.png in Resources */,
				5189B3B315B39B1F00562DD0 /* README.txt in Resources */,
				5189B3B415B39B1F00562DD0 /* release_notes.txt in Resources */,
				5189B3CB15B39E7400562DD0 /* MainStoryboard.storyboard in Resources */,
				5166B1BA15E75B420072749C /* buttonFacebook.png in Resources */,
				5166B1BB15E75B420072749C /* buttonFacebook@2x.png in Resources */,
				5166B1BC15E75B420072749C /* buttonFacebookSelected.png in Resources */,
				5166B1BD15E75B420072749C /* buttonFacebookSelected@2x.png in Resources */,
			);
			runOnlyForDeploymentPostprocessing = 0;
		};
/* End PBXResourcesBuildPhase section */

/* Begin PBXSourcesBuildPhase section */
		5189B2AF15B387E200562DD0 /* Sources */ = {
			isa = PBXSourcesBuildPhase;
			buildActionMask = 2147483647;
			files = (
				5189B2C415B387E200562DD0 /* main.m in Sources */,
				5189B2C815B387E200562DD0 /* BanyanAppDelegate.m in Sources */,
				5189B32715B395F300562DD0 /* AFParseAPIClient.m in Sources */,
				5189B32815B395F300562DD0 /* ArrayToDataTransformer.m in Sources */,
				5189B32915B395F300562DD0 /* BanyanAPIEngine.m in Sources */,
				5189B32A15B395F300562DD0 /* ImageToDataTransformer.m in Sources */,
				5189B32B15B395F300562DD0 /* InvitedTableViewController.m in Sources */,
				5189B32C15B395F300562DD0 /* LoginTabbarViewController.m in Sources */,
				5189B32F15B395F300562DD0 /* ModifySceneViewController.m in Sources */,
				5189B33115B395F300562DD0 /* NewStoryViewController.m in Sources */,
				5189B33215B395F300562DD0 /* ParseAPIEngine.m in Sources */,
				5189B33315B395F300562DD0 /* ParseConnection.m in Sources */,
				5189B33515B395F300562DD0 /* ReadSceneViewController.m in Sources */,
				5189B33715B395F300562DD0 /* Scene.m in Sources */,
				5189B33815B395F300562DD0 /* Scene+Create.m in Sources */,
				5189B33915B395F300562DD0 /* Scene+Delete.m in Sources */,
				5189B33A15B395F300562DD0 /* Scene+Edit.m in Sources */,
				5189B33B15B395F300562DD0 /* Scene+Stats.m in Sources */,
				5189B33E15B395F300562DD0 /* ScenesViewController.m in Sources */,
				5189B34215B395F300562DD0 /* Story.m in Sources */,
				5189B34315B395F300562DD0 /* Story+Create.m in Sources */,
				5189B34415B395F300562DD0 /* Story+Delete.m in Sources */,
				5189B34515B395F300562DD0 /* Story+Edit.m in Sources */,
				5189B34615B395F300562DD0 /* Story+Stats.m in Sources */,
				5189B34715B395F300562DD0 /* StoryDocuments.m in Sources */,
				5189B34815B395F300562DD0 /* StoryListStoryCell.m in Sources */,
				5189B34915B395F300562DD0 /* StoryListTableViewController.m in Sources */,
				5189B34B15B395F300562DD0 /* UIImage+SizeAndOrientation.m in Sources */,
				5189B34C15B395F300562DD0 /* User.m in Sources */,
				5189B34D15B395F300562DD0 /* UserLoginViewController.m in Sources */,
				5189B34F15B395F300562DD0 /* UserManagementModule.m in Sources */,
				5189B37415B399CA00562DD0 /* AFHTTPClient.m in Sources */,
				5189B37515B399CA00562DD0 /* AFHTTPRequestOperation.m in Sources */,
				5189B37615B399CA00562DD0 /* AFImageRequestOperation.m in Sources */,
				5189B37715B399CA00562DD0 /* AFJSONRequestOperation.m in Sources */,
				5189B37815B399CA00562DD0 /* AFJSONUtilities.m in Sources */,
				5189B37915B399CA00562DD0 /* AFNetworkActivityIndicatorManager.m in Sources */,
				5189B37A15B399CA00562DD0 /* AFPropertyListRequestOperation.m in Sources */,
				5189B37B15B399CA00562DD0 /* AFURLConnectionOperation.m in Sources */,
				5189B37C15B399CA00562DD0 /* AFXMLRequestOperation.m in Sources */,
				5189B37D15B399CA00562DD0 /* UIImageView+AFNetworking.m in Sources */,
				5189B38115B399E400562DD0 /* MBProgressHUD.m in Sources */,
				5189B39A15B39AE300562DD0 /* NSAlert+MKNetworkKitAdditions.m in Sources */,
				5189B39B15B39AE300562DD0 /* NSData+Base64.m in Sources */,
				5189B39C15B39AE300562DD0 /* NSDate+RFC1123.m in Sources */,
				5189B39D15B39AE300562DD0 /* NSDictionary+RequestEncoding.m in Sources */,
				5189B39E15B39AE300562DD0 /* NSString+MKNetworkKitAdditions.m in Sources */,
				5189B39F15B39AE300562DD0 /* UIAlertView+MKNetworkKitAdditions.m in Sources */,
				5189B3A015B39AE300562DD0 /* MKNetworkEngine.m in Sources */,
				5189B3A115B39AE300562DD0 /* MKNetworkOperation.m in Sources */,
				5189B3A215B39AE300562DD0 /* Reachability.m in Sources */,
				5189B3AB15B39B1500562DD0 /* PullToRefreshView.m in Sources */,
				5110A7BF15B3EB0A00D4FBD1 /* BNOperation.m in Sources */,
				5110A7C715B5DB3700D4FBD1 /* BNOperationQueue.m in Sources */,
				5138D7E615B7E138007B4D7D /* BanyanDataSource.m in Sources */,
				51CF3E2D15BFEBA700FFC0D1 /* BNOperationDependency.m in Sources */,
				51CF3E3015BFEDB200FFC0D1 /* BNOperationObject.m in Sources */,
				519AFA6B15C11F3600F68F3C /* BNOperationAction.m in Sources */,
				519AFA7615C4B9DE00F68F3C /* User+Edit.m in Sources */,
				5123CF3615CDFEA100970A3E /* File.m in Sources */,
				5123CF3A15CDFEB100970A3E /* File+Create.m in Sources */,
				517D164A15D23529005F38C8 /* BNLocationManager.m in Sources */,
			);
			runOnlyForDeploymentPostprocessing = 0;
		};
/* End PBXSourcesBuildPhase section */

/* Begin PBXVariantGroup section */
		5189B2C015B387E200562DD0 /* InfoPlist.strings */ = {
			isa = PBXVariantGroup;
			children = (
				5189B2C115B387E200562DD0 /* en */,
			);
			name = InfoPlist.strings;
			sourceTree = "<group>";
		};
/* End PBXVariantGroup section */

/* Begin XCBuildConfiguration section */
		5189B2C915B387E200562DD0 /* Debug */ = {
			isa = XCBuildConfiguration;
			buildSettings = {
				ALWAYS_SEARCH_USER_PATHS = NO;
				ARCHS = "$(ARCHS_STANDARD_32_BIT)";
				CLANG_ENABLE_OBJC_ARC = YES;
				CODE_SIGN_IDENTITY = "iPhone Developer: Devang Mundhra (X6GCQVUWTS)";
				"CODE_SIGN_IDENTITY[sdk=iphoneos*]" = "iPhone Developer: Devang Mundhra (X6GCQVUWTS)";
				COPY_PHASE_STRIP = NO;
				GCC_C_LANGUAGE_STANDARD = gnu99;
				GCC_DYNAMIC_NO_PIC = NO;
				GCC_OPTIMIZATION_LEVEL = 0;
				GCC_PREPROCESSOR_DEFINITIONS = (
					"DEBUG=1",
					"$(inherited)",
				);
				GCC_SYMBOLS_PRIVATE_EXTERN = NO;
				GCC_VERSION = com.apple.compilers.llvm.clang.1_0;
				GCC_WARN_ABOUT_RETURN_TYPE = YES;
				GCC_WARN_UNINITIALIZED_AUTOS = YES;
				GCC_WARN_UNUSED_VARIABLE = YES;
				IPHONEOS_DEPLOYMENT_TARGET = 5.0;
				PROVISIONING_PROFILE = "BF84F2EB-5C3A-4E3F-A68D-DB2D6F05A1DF";
				"PROVISIONING_PROFILE[sdk=iphoneos*]" = "BF84F2EB-5C3A-4E3F-A68D-DB2D6F05A1DF";
				SDKROOT = iphoneos;
			};
			name = Debug;
		};
		5189B2CA15B387E200562DD0 /* Release */ = {
			isa = XCBuildConfiguration;
			buildSettings = {
				ALWAYS_SEARCH_USER_PATHS = NO;
				ARCHS = "$(ARCHS_STANDARD_32_BIT)";
				CLANG_ENABLE_OBJC_ARC = YES;
				CODE_SIGN_IDENTITY = "iPhone Developer: Devang Mundhra (X6GCQVUWTS)";
				"CODE_SIGN_IDENTITY[sdk=iphoneos*]" = "iPhone Developer: Devang Mundhra (X6GCQVUWTS)";
				COPY_PHASE_STRIP = YES;
				GCC_C_LANGUAGE_STANDARD = gnu99;
				GCC_VERSION = com.apple.compilers.llvm.clang.1_0;
				GCC_WARN_ABOUT_RETURN_TYPE = YES;
				GCC_WARN_UNINITIALIZED_AUTOS = YES;
				GCC_WARN_UNUSED_VARIABLE = YES;
				IPHONEOS_DEPLOYMENT_TARGET = 5.0;
				OTHER_CFLAGS = "-DNS_BLOCK_ASSERTIONS=1";
				PROVISIONING_PROFILE = "BF84F2EB-5C3A-4E3F-A68D-DB2D6F05A1DF";
				"PROVISIONING_PROFILE[sdk=iphoneos*]" = "BF84F2EB-5C3A-4E3F-A68D-DB2D6F05A1DF";
				SDKROOT = iphoneos;
				VALIDATE_PRODUCT = YES;
			};
			name = Release;
		};
		5189B2CC15B387E200562DD0 /* Debug */ = {
			isa = XCBuildConfiguration;
			buildSettings = {
				FRAMEWORK_SEARCH_PATHS = (
					"$(inherited)",
					"\"$(SRCROOT)\"",
				);
				GCC_PRECOMPILE_PREFIX_HEADER = YES;
				GCC_PREFIX_HEADER = "Banyan/Banyan-Prefix.pch";
				INFOPLIST_FILE = "Banyan/Banyan-Info.plist";
				LIBRARY_SEARCH_PATHS = (
					"$(inherited)",
					"\"$(SRCROOT)/TestFlightSDK1.0\"",
				);
				PRODUCT_NAME = "$(TARGET_NAME)";
				WRAPPER_EXTENSION = app;
			};
			name = Debug;
		};
		5189B2CD15B387E200562DD0 /* Release */ = {
			isa = XCBuildConfiguration;
			buildSettings = {
				FRAMEWORK_SEARCH_PATHS = (
					"$(inherited)",
					"\"$(SRCROOT)\"",
				);
				GCC_PRECOMPILE_PREFIX_HEADER = YES;
				GCC_PREFIX_HEADER = "Banyan/Banyan-Prefix.pch";
				INFOPLIST_FILE = "Banyan/Banyan-Info.plist";
				LIBRARY_SEARCH_PATHS = (
					"$(inherited)",
					"\"$(SRCROOT)/TestFlightSDK1.0\"",
				);
				PRODUCT_NAME = "$(TARGET_NAME)";
				WRAPPER_EXTENSION = app;
			};
			name = Release;
		};
/* End XCBuildConfiguration section */

/* Begin XCConfigurationList section */
		5189B2AD15B387E100562DD0 /* Build configuration list for PBXProject "Banyan" */ = {
			isa = XCConfigurationList;
			buildConfigurations = (
				5189B2C915B387E200562DD0 /* Debug */,
				5189B2CA15B387E200562DD0 /* Release */,
			);
			defaultConfigurationIsVisible = 0;
			defaultConfigurationName = Release;
		};
		5189B2CB15B387E200562DD0 /* Build configuration list for PBXNativeTarget "Banyan" */ = {
			isa = XCConfigurationList;
			buildConfigurations = (
				5189B2CC15B387E200562DD0 /* Debug */,
				5189B2CD15B387E200562DD0 /* Release */,
			);
			defaultConfigurationIsVisible = 0;
			defaultConfigurationName = Release;
		};
/* End XCConfigurationList section */
	};
	rootObject = 5189B2AA15B387E100562DD0 /* Project object */;
}
