// !$*UTF8*$!
{
	archiveVersion = 1;
	classes = {
	};
	objectVersion = 46;
	objects = {

/* Begin PBXBuildFile section */
		0B8D601560334B81AE48FCCD /* libPods.a in Frameworks */ = {isa = PBXBuildFile; fileRef = F6EDBDCCC91248339FDC7301 /* libPods.a */; };
		5103FB9F166898960095B11F /* UIImage+Create.m in Sources */ = {isa = PBXBuildFile; fileRef = 5103FB9E166898960095B11F /* UIImage+Create.m */; };
		510787C6163A36A90042B436 /* UIImage+AlphaAdditions.m in Sources */ = {isa = PBXBuildFile; fileRef = 510787C1163A36A90042B436 /* UIImage+AlphaAdditions.m */; };
		510787C7163A36A90042B436 /* UIImage+ResizeAdditions.m in Sources */ = {isa = PBXBuildFile; fileRef = 510787C3163A36A90042B436 /* UIImage+ResizeAdditions.m */; };
		510787C8163A36A90042B436 /* UIImage+RoundedCornerAdditions.m in Sources */ = {isa = PBXBuildFile; fileRef = 510787C5163A36A90042B436 /* UIImage+RoundedCornerAdditions.m */; };
		510787CC163A36C40042B436 /* BanyanDataSource.m in Sources */ = {isa = PBXBuildFile; fileRef = 510787CB163A36C40042B436 /* BanyanDataSource.m */; };
		510787CF163A36D80042B436 /* AFBanyanAPIClient.m in Sources */ = {isa = PBXBuildFile; fileRef = 510787CE163A36D80042B436 /* AFBanyanAPIClient.m */; };
		510787D2163A36F20042B436 /* BNLocationManager.m in Sources */ = {isa = PBXBuildFile; fileRef = 510787D1163A36F20042B436 /* BNLocationManager.m */; };
		510787D5163A37190042B436 /* Activity.m in Sources */ = {isa = PBXBuildFile; fileRef = 510787D4163A37190042B436 /* Activity.m */; };
		510787DA163A37250042B436 /* File.m in Sources */ = {isa = PBXBuildFile; fileRef = 510787D7163A37250042B436 /* File.m */; };
		510787DE163A37340042B436 /* User+Edit.m in Sources */ = {isa = PBXBuildFile; fileRef = 510787DD163A37340042B436 /* User+Edit.m */; };
		511E708B161A9756009AAD25 /* Accounts.framework in Frameworks */ = {isa = PBXBuildFile; fileRef = 511E708A161A9756009AAD25 /* Accounts.framework */; settings = {ATTRIBUTES = (Weak, ); }; };
		511E708E161A977F009AAD25 /* libsqlite3.dylib in Frameworks */ = {isa = PBXBuildFile; fileRef = 511E708D161A977F009AAD25 /* libsqlite3.dylib */; };
		5142BC7B1678837E007B1B62 /* BanyanPullToRefreshContentView.m in Sources */ = {isa = PBXBuildFile; fileRef = 5142BC7A1678837E007B1B62 /* BanyanPullToRefreshContentView.m */; };
		5157CD031650902900C22CCE /* BanyanConnection.m in Sources */ = {isa = PBXBuildFile; fileRef = 5157CD021650902900C22CCE /* BanyanConnection.m */; };
		5157CD251659E5A300C22CCE /* ComposeTextViewController.m in Sources */ = {isa = PBXBuildFile; fileRef = 5157CD241659E5A300C22CCE /* ComposeTextViewController.m */; };
		5166B1BA15E75B420072749C /* buttonFacebook.png in Resources */ = {isa = PBXBuildFile; fileRef = 5166B1B615E75B420072749C /* buttonFacebook.png */; };
		5166B1BB15E75B420072749C /* buttonFacebook@2x.png in Resources */ = {isa = PBXBuildFile; fileRef = 5166B1B715E75B420072749C /* buttonFacebook@2x.png */; };
		5166B1BC15E75B420072749C /* buttonFacebookSelected.png in Resources */ = {isa = PBXBuildFile; fileRef = 5166B1B815E75B420072749C /* buttonFacebookSelected.png */; };
		5166B1BD15E75B420072749C /* buttonFacebookSelected@2x.png in Resources */ = {isa = PBXBuildFile; fileRef = 5166B1B915E75B420072749C /* buttonFacebookSelected@2x.png */; };
		5189B2B815B387E200562DD0 /* UIKit.framework in Frameworks */ = {isa = PBXBuildFile; fileRef = 5189B2B715B387E200562DD0 /* UIKit.framework */; };
		5189B2BA15B387E200562DD0 /* Foundation.framework in Frameworks */ = {isa = PBXBuildFile; fileRef = 5189B2B915B387E200562DD0 /* Foundation.framework */; };
		5189B2BC15B387E200562DD0 /* CoreGraphics.framework in Frameworks */ = {isa = PBXBuildFile; fileRef = 5189B2BB15B387E200562DD0 /* CoreGraphics.framework */; };
		5189B2C215B387E200562DD0 /* InfoPlist.strings in Resources */ = {isa = PBXBuildFile; fileRef = 5189B2C015B387E200562DD0 /* InfoPlist.strings */; };
		5189B2C415B387E200562DD0 /* main.m in Sources */ = {isa = PBXBuildFile; fileRef = 5189B2C315B387E200562DD0 /* main.m */; };
		5189B2C815B387E200562DD0 /* BanyanAppDelegate.m in Sources */ = {isa = PBXBuildFile; fileRef = 5189B2C715B387E200562DD0 /* BanyanAppDelegate.m */; };
		5189B32715B395F300562DD0 /* AFParseAPIClient.m in Sources */ = {isa = PBXBuildFile; fileRef = 5189B2D615B395F300562DD0 /* AFParseAPIClient.m */; };
		5189B32815B395F300562DD0 /* ArrayToDataTransformer.m in Sources */ = {isa = PBXBuildFile; fileRef = 5189B2D815B395F300562DD0 /* ArrayToDataTransformer.m */; };
		5189B32A15B395F300562DD0 /* ImageToDataTransformer.m in Sources */ = {isa = PBXBuildFile; fileRef = 5189B2DC15B395F300562DD0 /* ImageToDataTransformer.m */; };
		5189B32B15B395F300562DD0 /* InvitedTableViewController.m in Sources */ = {isa = PBXBuildFile; fileRef = 5189B2DE15B395F300562DD0 /* InvitedTableViewController.m */; };
		5189B32C15B395F300562DD0 /* LoginTabbarViewController.m in Sources */ = {isa = PBXBuildFile; fileRef = 5189B2E015B395F300562DD0 /* LoginTabbarViewController.m */; };
		5189B32D15B395F300562DD0 /* LoginTabbarViewController.xib in Resources */ = {isa = PBXBuildFile; fileRef = 5189B2E115B395F300562DD0 /* LoginTabbarViewController.xib */; };
		5189B32F15B395F300562DD0 /* ModifySceneViewController.m in Sources */ = {isa = PBXBuildFile; fileRef = 5189B2E415B395F300562DD0 /* ModifySceneViewController.m */; };
		5189B33015B395F300562DD0 /* ModifySceneViewController.xib in Resources */ = {isa = PBXBuildFile; fileRef = 5189B2E515B395F300562DD0 /* ModifySceneViewController.xib */; };
		5189B33115B395F300562DD0 /* NewStoryViewController.m in Sources */ = {isa = PBXBuildFile; fileRef = 5189B2E715B395F300562DD0 /* NewStoryViewController.m */; };
		5189B33515B395F300562DD0 /* ReadSceneViewController.m in Sources */ = {isa = PBXBuildFile; fileRef = 5189B2EF15B395F300562DD0 /* ReadSceneViewController.m */; };
		5189B33615B395F300562DD0 /* ReadSceneViewController.xib in Resources */ = {isa = PBXBuildFile; fileRef = 5189B2F015B395F300562DD0 /* ReadSceneViewController.xib */; };
		5189B33715B395F300562DD0 /* Piece.m in Sources */ = {isa = PBXBuildFile; fileRef = 5189B2F315B395F300562DD0 /* Piece.m */; };
		5189B33815B395F300562DD0 /* Piece+Create.m in Sources */ = {isa = PBXBuildFile; fileRef = 5189B2F515B395F300562DD0 /* Piece+Create.m */; };
		5189B33915B395F300562DD0 /* Piece+Delete.m in Sources */ = {isa = PBXBuildFile; fileRef = 5189B2F715B395F300562DD0 /* Piece+Delete.m */; };
		5189B33A15B395F300562DD0 /* Piece+Edit.m in Sources */ = {isa = PBXBuildFile; fileRef = 5189B2F915B395F300562DD0 /* Piece+Edit.m */; };
		5189B33B15B395F300562DD0 /* Piece+Stats.m in Sources */ = {isa = PBXBuildFile; fileRef = 5189B2FB15B395F300562DD0 /* Piece+Stats.m */; };
		5189B33E15B395F300562DD0 /* StoryReaderController.m in Sources */ = {isa = PBXBuildFile; fileRef = 5189B30115B395F300562DD0 /* StoryReaderController.m */; };
		5189B34215B395F300562DD0 /* Story.m in Sources */ = {isa = PBXBuildFile; fileRef = 5189B30A15B395F300562DD0 /* Story.m */; };
		5189B34315B395F300562DD0 /* Story+Create.m in Sources */ = {isa = PBXBuildFile; fileRef = 5189B30C15B395F300562DD0 /* Story+Create.m */; };
		5189B34415B395F300562DD0 /* Story+Delete.m in Sources */ = {isa = PBXBuildFile; fileRef = 5189B30E15B395F300562DD0 /* Story+Delete.m */; };
		5189B34515B395F300562DD0 /* Story+Edit.m in Sources */ = {isa = PBXBuildFile; fileRef = 5189B31015B395F300562DD0 /* Story+Edit.m */; };
		5189B34615B395F300562DD0 /* Story+Stats.m in Sources */ = {isa = PBXBuildFile; fileRef = 5189B31215B395F300562DD0 /* Story+Stats.m */; };
		5189B34815B395F300562DD0 /* StoryListStoryCell.m in Sources */ = {isa = PBXBuildFile; fileRef = 5189B31615B395F300562DD0 /* StoryListStoryCell.m */; };
		5189B34915B395F300562DD0 /* StoryListTableViewController.m in Sources */ = {isa = PBXBuildFile; fileRef = 5189B31815B395F300562DD0 /* StoryListTableViewController.m */; };
		5189B34C15B395F300562DD0 /* User.m in Sources */ = {isa = PBXBuildFile; fileRef = 5189B32115B395F300562DD0 /* User.m */; };
		5189B34D15B395F300562DD0 /* UserLoginViewController.m in Sources */ = {isa = PBXBuildFile; fileRef = 5189B32315B395F300562DD0 /* UserLoginViewController.m */; };
		5189B34E15B395F300562DD0 /* UserLoginViewController.xib in Resources */ = {isa = PBXBuildFile; fileRef = 5189B32415B395F300562DD0 /* UserLoginViewController.xib */; };
		5189B34F15B395F300562DD0 /* UserManagementModule.m in Sources */ = {isa = PBXBuildFile; fileRef = 5189B32615B395F300562DD0 /* UserManagementModule.m */; };
		5189B3B715B39B9300562DD0 /* CoreLocation.framework in Frameworks */ = {isa = PBXBuildFile; fileRef = 5189B3B615B39B9300562DD0 /* CoreLocation.framework */; };
		5189B3BA15B39BA400562DD0 /* libz.1.1.3.dylib in Frameworks */ = {isa = PBXBuildFile; fileRef = 5189B3B815B39BA400562DD0 /* libz.1.1.3.dylib */; };
		5189B3BB15B39BA400562DD0 /* libz.dylib in Frameworks */ = {isa = PBXBuildFile; fileRef = 5189B3B915B39BA400562DD0 /* libz.dylib */; };
		5189B3BD15B39BB800562DD0 /* Security.framework in Frameworks */ = {isa = PBXBuildFile; fileRef = 5189B3BC15B39BB800562DD0 /* Security.framework */; };
		5189B3BF15B39BBF00562DD0 /* SystemConfiguration.framework in Frameworks */ = {isa = PBXBuildFile; fileRef = 5189B3BE15B39BBF00562DD0 /* SystemConfiguration.framework */; };
		5189B3C115B39BC500562DD0 /* CFNetwork.framework in Frameworks */ = {isa = PBXBuildFile; fileRef = 5189B3C015B39BC500562DD0 /* CFNetwork.framework */; };
		5189B3C315B39BCC00562DD0 /* MapKit.framework in Frameworks */ = {isa = PBXBuildFile; fileRef = 5189B3C215B39BCC00562DD0 /* MapKit.framework */; };
		5189B3C715B39BE100562DD0 /* MobileCoreServices.framework in Frameworks */ = {isa = PBXBuildFile; fileRef = 5189B3C615B39BE100562DD0 /* MobileCoreServices.framework */; };
		5189B3C915B39BE700562DD0 /* AudioToolbox.framework in Frameworks */ = {isa = PBXBuildFile; fileRef = 5189B3C815B39BE700562DD0 /* AudioToolbox.framework */; };
		5189B3CB15B39E7400562DD0 /* MainStoryboard.storyboard in Resources */ = {isa = PBXBuildFile; fileRef = 5189B3CA15B39E7400562DD0 /* MainStoryboard.storyboard */; };
		5189B45715B3A38E00562DD0 /* QuartzCore.framework in Frameworks */ = {isa = PBXBuildFile; fileRef = 5189B3C415B39BD100562DD0 /* QuartzCore.framework */; };
		518AF02E162539D300480D5A /* Parse.framework in Frameworks */ = {isa = PBXBuildFile; fileRef = 518AF02D162539D300480D5A /* Parse.framework */; };
		519232A11671CC57009686E4 /* AFGoogleAPIClient.m in Sources */ = {isa = PBXBuildFile; fileRef = 519232A01671CC57009686E4 /* AFGoogleAPIClient.m */; };
		5192332716743F02009686E4 /* GooglePlacesObject.m in Sources */ = {isa = PBXBuildFile; fileRef = 5192332616743F02009686E4 /* GooglePlacesObject.m */; };
		519233331675305F009686E4 /* LocationPickerTableViewController.m in Sources */ = {isa = PBXBuildFile; fileRef = 519233311675305F009686E4 /* LocationPickerTableViewController.m */; };
		519AFA7215C26F5D00F68F3C /* AssetsLibrary.framework in Frameworks */ = {isa = PBXBuildFile; fileRef = 519AFA7115C26F5D00F68F3C /* AssetsLibrary.framework */; };
		51A8DC9116928A240017E86F /* Activity+Create.m in Sources */ = {isa = PBXBuildFile; fileRef = 51A8DC9016928A240017E86F /* Activity+Create.m */; };
		51B5989E15EB31B300DF4D9D /* BanyanConstants.m in Sources */ = {isa = PBXBuildFile; fileRef = 51B5989D15EB31B300DF4D9D /* BanyanConstants.m */; };
		51CFD92915F1F260002926F9 /* SettingsTableViewController.m in Sources */ = {isa = PBXBuildFile; fileRef = 51CFD92715F1F260002926F9 /* SettingsTableViewController.m */; };
		51CFD93615F3E80B002926F9 /* FollowingFriendsViewController.m in Sources */ = {isa = PBXBuildFile; fileRef = 51CFD93515F3E80B002926F9 /* FollowingFriendsViewController.m */; };
		51CFD93A15F57F70002926F9 /* FollowingUsersCell.m in Sources */ = {isa = PBXBuildFile; fileRef = 51CFD93915F57F70002926F9 /* FollowingUsersCell.m */; };
		51CFD94415F58337002926F9 /* buttonFollow.png in Resources */ = {isa = PBXBuildFile; fileRef = 51CFD93C15F58337002926F9 /* buttonFollow.png */; };
		51CFD94515F58337002926F9 /* buttonFollow@2x.png in Resources */ = {isa = PBXBuildFile; fileRef = 51CFD93D15F58337002926F9 /* buttonFollow@2x.png */; };
		51CFD94615F58337002926F9 /* buttonFollowing.png in Resources */ = {isa = PBXBuildFile; fileRef = 51CFD93E15F58337002926F9 /* buttonFollowing.png */; };
		51CFD94715F58337002926F9 /* buttonFollowing@2x.png in Resources */ = {isa = PBXBuildFile; fileRef = 51CFD93F15F58337002926F9 /* buttonFollowing@2x.png */; };
		51CFD94815F58337002926F9 /* buttonFollowingSelected.png in Resources */ = {isa = PBXBuildFile; fileRef = 51CFD94015F58337002926F9 /* buttonFollowingSelected.png */; };
		51CFD94915F58337002926F9 /* buttonFollowingSelected@2x.png in Resources */ = {isa = PBXBuildFile; fileRef = 51CFD94115F58337002926F9 /* buttonFollowingSelected@2x.png */; };
		51CFD94A15F58337002926F9 /* buttonFollowSelected.png in Resources */ = {isa = PBXBuildFile; fileRef = 51CFD94215F58337002926F9 /* buttonFollowSelected.png */; };
		51CFD94B15F58337002926F9 /* buttonFollowSelected@2x.png in Resources */ = {isa = PBXBuildFile; fileRef = 51CFD94315F58337002926F9 /* buttonFollowSelected@2x.png */; };
		51CFD94E15F59A13002926F9 /* FindFriendsViewController.m in Sources */ = {isa = PBXBuildFile; fileRef = 51CFD94D15F59A13002926F9 /* FindFriendsViewController.m */; };
		51F22885161A9DC1006B3AA7 /* AdSupport.framework in Frameworks */ = {isa = PBXBuildFile; fileRef = 51F22884161A9DC1006B3AA7 /* AdSupport.framework */; settings = {ATTRIBUTES = (Weak, ); }; };
		51F22888161A9DE4006B3AA7 /* Social.framework in Frameworks */ = {isa = PBXBuildFile; fileRef = 51F22887161A9DE4006B3AA7 /* Social.framework */; settings = {ATTRIBUTES = (Weak, ); }; };
		51F2288A161A9DF2006B3AA7 /* StoreKit.framework in Frameworks */ = {isa = PBXBuildFile; fileRef = 51F22889161A9DF2006B3AA7 /* StoreKit.framework */; };
		51F2288C161A9E22006B3AA7 /* Default-568h@2x.png in Resources */ = {isa = PBXBuildFile; fileRef = 51F2288B161A9E22006B3AA7 /* Default-568h@2x.png */; };
		51FD96ED1665E6C7001A1709 /* dotted-pattern.png in Resources */ = {isa = PBXBuildFile; fileRef = 51FD96EB1665E6C7001A1709 /* dotted-pattern.png */; };
		51FD96EE1665E6C7001A1709 /* dotted-pattern@2x.png in Resources */ = {isa = PBXBuildFile; fileRef = 51FD96EC1665E6C7001A1709 /* dotted-pattern@2x.png */; };
/* End PBXBuildFile section */

/* Begin PBXFileReference section */
		5103FB9D166898960095B11F /* UIImage+Create.h */ = {isa = PBXFileReference; fileEncoding = 4; lastKnownFileType = sourcecode.c.h; name = "UIImage+Create.h"; path = "Banyan/UIImage+Create.h"; sourceTree = "<group>"; };
		5103FB9E166898960095B11F /* UIImage+Create.m */ = {isa = PBXFileReference; fileEncoding = 4; lastKnownFileType = sourcecode.c.objc; name = "UIImage+Create.m"; path = "Banyan/UIImage+Create.m"; sourceTree = "<group>"; };
		510787C0163A36A90042B436 /* UIImage+AlphaAdditions.h */ = {isa = PBXFileReference; fileEncoding = 4; lastKnownFileType = sourcecode.c.h; name = "UIImage+AlphaAdditions.h"; path = "Banyan/UIImage+AlphaAdditions.h"; sourceTree = "<group>"; };
		510787C1163A36A90042B436 /* UIImage+AlphaAdditions.m */ = {isa = PBXFileReference; fileEncoding = 4; lastKnownFileType = sourcecode.c.objc; name = "UIImage+AlphaAdditions.m"; path = "Banyan/UIImage+AlphaAdditions.m"; sourceTree = "<group>"; };
		510787C2163A36A90042B436 /* UIImage+ResizeAdditions.h */ = {isa = PBXFileReference; fileEncoding = 4; lastKnownFileType = sourcecode.c.h; name = "UIImage+ResizeAdditions.h"; path = "Banyan/UIImage+ResizeAdditions.h"; sourceTree = "<group>"; };
		510787C3163A36A90042B436 /* UIImage+ResizeAdditions.m */ = {isa = PBXFileReference; fileEncoding = 4; lastKnownFileType = sourcecode.c.objc; name = "UIImage+ResizeAdditions.m"; path = "Banyan/UIImage+ResizeAdditions.m"; sourceTree = "<group>"; };
		510787C4163A36A90042B436 /* UIImage+RoundedCornerAdditions.h */ = {isa = PBXFileReference; fileEncoding = 4; lastKnownFileType = sourcecode.c.h; name = "UIImage+RoundedCornerAdditions.h"; path = "Banyan/UIImage+RoundedCornerAdditions.h"; sourceTree = "<group>"; };
		510787C5163A36A90042B436 /* UIImage+RoundedCornerAdditions.m */ = {isa = PBXFileReference; fileEncoding = 4; lastKnownFileType = sourcecode.c.objc; name = "UIImage+RoundedCornerAdditions.m"; path = "Banyan/UIImage+RoundedCornerAdditions.m"; sourceTree = "<group>"; };
		510787CA163A36C40042B436 /* BanyanDataSource.h */ = {isa = PBXFileReference; fileEncoding = 4; lastKnownFileType = sourcecode.c.h; name = BanyanDataSource.h; path = Banyan/BanyanDataSource.h; sourceTree = "<group>"; };
		510787CB163A36C40042B436 /* BanyanDataSource.m */ = {isa = PBXFileReference; fileEncoding = 4; lastKnownFileType = sourcecode.c.objc; name = BanyanDataSource.m; path = Banyan/BanyanDataSource.m; sourceTree = "<group>"; };
		510787CD163A36D80042B436 /* AFBanyanAPIClient.h */ = {isa = PBXFileReference; fileEncoding = 4; lastKnownFileType = sourcecode.c.h; name = AFBanyanAPIClient.h; path = Banyan/AFBanyanAPIClient.h; sourceTree = "<group>"; };
		510787CE163A36D80042B436 /* AFBanyanAPIClient.m */ = {isa = PBXFileReference; fileEncoding = 4; lastKnownFileType = sourcecode.c.objc; name = AFBanyanAPIClient.m; path = Banyan/AFBanyanAPIClient.m; sourceTree = "<group>"; };
		510787D0163A36F20042B436 /* BNLocationManager.h */ = {isa = PBXFileReference; fileEncoding = 4; lastKnownFileType = sourcecode.c.h; name = BNLocationManager.h; path = Banyan/BNLocationManager.h; sourceTree = "<group>"; };
		510787D1163A36F20042B436 /* BNLocationManager.m */ = {isa = PBXFileReference; fileEncoding = 4; lastKnownFileType = sourcecode.c.objc; name = BNLocationManager.m; path = Banyan/BNLocationManager.m; sourceTree = "<group>"; };
		510787D3163A37190042B436 /* Activity.h */ = {isa = PBXFileReference; fileEncoding = 4; lastKnownFileType = sourcecode.c.h; name = Activity.h; path = Banyan/Activity.h; sourceTree = "<group>"; };
		510787D4163A37190042B436 /* Activity.m */ = {isa = PBXFileReference; fileEncoding = 4; lastKnownFileType = sourcecode.c.objc; name = Activity.m; path = Banyan/Activity.m; sourceTree = "<group>"; };
		510787D6163A37250042B436 /* File.h */ = {isa = PBXFileReference; fileEncoding = 4; lastKnownFileType = sourcecode.c.h; name = File.h; path = Banyan/File.h; sourceTree = "<group>"; };
		510787D7163A37250042B436 /* File.m */ = {isa = PBXFileReference; fileEncoding = 4; lastKnownFileType = sourcecode.c.objc; name = File.m; path = Banyan/File.m; sourceTree = "<group>"; };
		510787DC163A37340042B436 /* User+Edit.h */ = {isa = PBXFileReference; fileEncoding = 4; lastKnownFileType = sourcecode.c.h; name = "User+Edit.h"; path = "Banyan/User+Edit.h"; sourceTree = "<group>"; };
		510787DD163A37340042B436 /* User+Edit.m */ = {isa = PBXFileReference; fileEncoding = 4; lastKnownFileType = sourcecode.c.objc; name = "User+Edit.m"; path = "Banyan/User+Edit.m"; sourceTree = "<group>"; };
		511E708A161A9756009AAD25 /* Accounts.framework */ = {isa = PBXFileReference; lastKnownFileType = wrapper.framework; name = Accounts.framework; path = System/Library/Frameworks/Accounts.framework; sourceTree = SDKROOT; };
		511E708D161A977F009AAD25 /* libsqlite3.dylib */ = {isa = PBXFileReference; lastKnownFileType = "compiled.mach-o.dylib"; name = libsqlite3.dylib; path = usr/lib/libsqlite3.dylib; sourceTree = SDKROOT; };
		5142BC791678837E007B1B62 /* BanyanPullToRefreshContentView.h */ = {isa = PBXFileReference; fileEncoding = 4; lastKnownFileType = sourcecode.c.h; path = BanyanPullToRefreshContentView.h; sourceTree = "<group>"; };
		5142BC7A1678837E007B1B62 /* BanyanPullToRefreshContentView.m */ = {isa = PBXFileReference; fileEncoding = 4; lastKnownFileType = sourcecode.c.objc; path = BanyanPullToRefreshContentView.m; sourceTree = "<group>"; };
		5157CD011650902900C22CCE /* BanyanConnection.h */ = {isa = PBXFileReference; fileEncoding = 4; lastKnownFileType = sourcecode.c.h; name = BanyanConnection.h; path = Banyan/BanyanConnection.h; sourceTree = "<group>"; };
		5157CD021650902900C22CCE /* BanyanConnection.m */ = {isa = PBXFileReference; fileEncoding = 4; lastKnownFileType = sourcecode.c.objc; name = BanyanConnection.m; path = Banyan/BanyanConnection.m; sourceTree = "<group>"; };
		5157CD231659E5A300C22CCE /* ComposeTextViewController.h */ = {isa = PBXFileReference; fileEncoding = 4; lastKnownFileType = sourcecode.c.h; name = ComposeTextViewController.h; path = Banyan/ComposeTextViewController.h; sourceTree = "<group>"; };
		5157CD241659E5A300C22CCE /* ComposeTextViewController.m */ = {isa = PBXFileReference; fileEncoding = 4; lastKnownFileType = sourcecode.c.objc; name = ComposeTextViewController.m; path = Banyan/ComposeTextViewController.m; sourceTree = "<group>"; };
		5166B1B615E75B420072749C /* buttonFacebook.png */ = {isa = PBXFileReference; lastKnownFileType = image.png; path = buttonFacebook.png; sourceTree = "<group>"; };
		5166B1B715E75B420072749C /* buttonFacebook@2x.png */ = {isa = PBXFileReference; lastKnownFileType = image.png; path = "buttonFacebook@2x.png"; sourceTree = "<group>"; };
		5166B1B815E75B420072749C /* buttonFacebookSelected.png */ = {isa = PBXFileReference; lastKnownFileType = image.png; path = buttonFacebookSelected.png; sourceTree = "<group>"; };
		5166B1B915E75B420072749C /* buttonFacebookSelected@2x.png */ = {isa = PBXFileReference; lastKnownFileType = image.png; path = "buttonFacebookSelected@2x.png"; sourceTree = "<group>"; };
		5189B2B315B387E200562DD0 /* Banyan.app */ = {isa = PBXFileReference; explicitFileType = wrapper.application; includeInIndex = 0; path = Banyan.app; sourceTree = BUILT_PRODUCTS_DIR; };
		5189B2B715B387E200562DD0 /* UIKit.framework */ = {isa = PBXFileReference; lastKnownFileType = wrapper.framework; name = UIKit.framework; path = System/Library/Frameworks/UIKit.framework; sourceTree = SDKROOT; };
		5189B2B915B387E200562DD0 /* Foundation.framework */ = {isa = PBXFileReference; lastKnownFileType = wrapper.framework; name = Foundation.framework; path = System/Library/Frameworks/Foundation.framework; sourceTree = SDKROOT; };
		5189B2BB15B387E200562DD0 /* CoreGraphics.framework */ = {isa = PBXFileReference; lastKnownFileType = wrapper.framework; name = CoreGraphics.framework; path = System/Library/Frameworks/CoreGraphics.framework; sourceTree = SDKROOT; };
		5189B2BF15B387E200562DD0 /* Banyan-Info.plist */ = {isa = PBXFileReference; lastKnownFileType = text.plist.xml; path = "Banyan-Info.plist"; sourceTree = "<group>"; };
		5189B2C115B387E200562DD0 /* en */ = {isa = PBXFileReference; lastKnownFileType = text.plist.strings; name = en; path = en.lproj/InfoPlist.strings; sourceTree = "<group>"; };
		5189B2C315B387E200562DD0 /* main.m */ = {isa = PBXFileReference; lastKnownFileType = sourcecode.c.objc; path = main.m; sourceTree = "<group>"; };
		5189B2C515B387E200562DD0 /* Banyan-Prefix.pch */ = {isa = PBXFileReference; lastKnownFileType = sourcecode.c.h; path = "Banyan-Prefix.pch"; sourceTree = "<group>"; };
		5189B2C615B387E200562DD0 /* BanyanAppDelegate.h */ = {isa = PBXFileReference; lastKnownFileType = sourcecode.c.h; path = BanyanAppDelegate.h; sourceTree = "<group>"; };
		5189B2C715B387E200562DD0 /* BanyanAppDelegate.m */ = {isa = PBXFileReference; lastKnownFileType = sourcecode.c.objc; path = BanyanAppDelegate.m; sourceTree = "<group>"; };
		5189B2D515B395F300562DD0 /* AFParseAPIClient.h */ = {isa = PBXFileReference; fileEncoding = 4; lastKnownFileType = sourcecode.c.h; name = AFParseAPIClient.h; path = Banyan/AFParseAPIClient.h; sourceTree = "<group>"; };
		5189B2D615B395F300562DD0 /* AFParseAPIClient.m */ = {isa = PBXFileReference; fileEncoding = 4; lastKnownFileType = sourcecode.c.objc; name = AFParseAPIClient.m; path = Banyan/AFParseAPIClient.m; sourceTree = "<group>"; };
		5189B2D715B395F300562DD0 /* ArrayToDataTransformer.h */ = {isa = PBXFileReference; fileEncoding = 4; lastKnownFileType = sourcecode.c.h; name = ArrayToDataTransformer.h; path = Banyan/ArrayToDataTransformer.h; sourceTree = "<group>"; };
		5189B2D815B395F300562DD0 /* ArrayToDataTransformer.m */ = {isa = PBXFileReference; fileEncoding = 4; lastKnownFileType = sourcecode.c.objc; name = ArrayToDataTransformer.m; path = Banyan/ArrayToDataTransformer.m; sourceTree = "<group>"; };
		5189B2DB15B395F300562DD0 /* ImageToDataTransformer.h */ = {isa = PBXFileReference; fileEncoding = 4; lastKnownFileType = sourcecode.c.h; name = ImageToDataTransformer.h; path = Banyan/ImageToDataTransformer.h; sourceTree = "<group>"; };
		5189B2DC15B395F300562DD0 /* ImageToDataTransformer.m */ = {isa = PBXFileReference; fileEncoding = 4; lastKnownFileType = sourcecode.c.objc; name = ImageToDataTransformer.m; path = Banyan/ImageToDataTransformer.m; sourceTree = "<group>"; };
		5189B2DD15B395F300562DD0 /* InvitedTableViewController.h */ = {isa = PBXFileReference; fileEncoding = 4; lastKnownFileType = sourcecode.c.h; name = InvitedTableViewController.h; path = Banyan/InvitedTableViewController.h; sourceTree = "<group>"; };
		5189B2DE15B395F300562DD0 /* InvitedTableViewController.m */ = {isa = PBXFileReference; fileEncoding = 4; lastKnownFileType = sourcecode.c.objc; name = InvitedTableViewController.m; path = Banyan/InvitedTableViewController.m; sourceTree = "<group>"; };
		5189B2DF15B395F300562DD0 /* LoginTabbarViewController.h */ = {isa = PBXFileReference; fileEncoding = 4; lastKnownFileType = sourcecode.c.h; name = LoginTabbarViewController.h; path = Banyan/LoginTabbarViewController.h; sourceTree = "<group>"; };
		5189B2E015B395F300562DD0 /* LoginTabbarViewController.m */ = {isa = PBXFileReference; fileEncoding = 4; lastKnownFileType = sourcecode.c.objc; name = LoginTabbarViewController.m; path = Banyan/LoginTabbarViewController.m; sourceTree = "<group>"; };
		5189B2E115B395F300562DD0 /* LoginTabbarViewController.xib */ = {isa = PBXFileReference; fileEncoding = 4; lastKnownFileType = file.xib; name = LoginTabbarViewController.xib; path = Banyan/LoginTabbarViewController.xib; sourceTree = "<group>"; };
		5189B2E315B395F300562DD0 /* ModifySceneViewController.h */ = {isa = PBXFileReference; fileEncoding = 4; lastKnownFileType = sourcecode.c.h; name = ModifySceneViewController.h; path = Banyan/ModifySceneViewController.h; sourceTree = "<group>"; };
		5189B2E415B395F300562DD0 /* ModifySceneViewController.m */ = {isa = PBXFileReference; fileEncoding = 4; lastKnownFileType = sourcecode.c.objc; name = ModifySceneViewController.m; path = Banyan/ModifySceneViewController.m; sourceTree = "<group>"; };
		5189B2E515B395F300562DD0 /* ModifySceneViewController.xib */ = {isa = PBXFileReference; fileEncoding = 4; lastKnownFileType = file.xib; name = ModifySceneViewController.xib; path = Banyan/ModifySceneViewController.xib; sourceTree = "<group>"; };
		5189B2E615B395F300562DD0 /* NewStoryViewController.h */ = {isa = PBXFileReference; fileEncoding = 4; lastKnownFileType = sourcecode.c.h; name = NewStoryViewController.h; path = Banyan/NewStoryViewController.h; sourceTree = "<group>"; };
		5189B2E715B395F300562DD0 /* NewStoryViewController.m */ = {isa = PBXFileReference; fileEncoding = 4; lastKnownFileType = sourcecode.c.objc; name = NewStoryViewController.m; path = Banyan/NewStoryViewController.m; sourceTree = "<group>"; };
		5189B2EE15B395F300562DD0 /* ReadSceneViewController.h */ = {isa = PBXFileReference; fileEncoding = 4; lastKnownFileType = sourcecode.c.h; name = ReadSceneViewController.h; path = Banyan/ReadSceneViewController.h; sourceTree = "<group>"; };
		5189B2EF15B395F300562DD0 /* ReadSceneViewController.m */ = {isa = PBXFileReference; fileEncoding = 4; lastKnownFileType = sourcecode.c.objc; name = ReadSceneViewController.m; path = Banyan/ReadSceneViewController.m; sourceTree = "<group>"; };
		5189B2F015B395F300562DD0 /* ReadSceneViewController.xib */ = {isa = PBXFileReference; fileEncoding = 4; lastKnownFileType = file.xib; name = ReadSceneViewController.xib; path = Banyan/ReadSceneViewController.xib; sourceTree = "<group>"; };
		5189B2F115B395F300562DD0 /* Piece_Defines.h */ = {isa = PBXFileReference; fileEncoding = 4; lastKnownFileType = sourcecode.c.h; name = Piece_Defines.h; path = Banyan/Piece_Defines.h; sourceTree = "<group>"; };
		5189B2F215B395F300562DD0 /* Piece.h */ = {isa = PBXFileReference; fileEncoding = 4; lastKnownFileType = sourcecode.c.h; name = Piece.h; path = Banyan/Piece.h; sourceTree = "<group>"; };
		5189B2F315B395F300562DD0 /* Piece.m */ = {isa = PBXFileReference; fileEncoding = 4; lastKnownFileType = sourcecode.c.objc; name = Piece.m; path = Banyan/Piece.m; sourceTree = "<group>"; };
		5189B2F415B395F300562DD0 /* Piece+Create.h */ = {isa = PBXFileReference; fileEncoding = 4; lastKnownFileType = sourcecode.c.h; name = "Piece+Create.h"; path = "Banyan/Piece+Create.h"; sourceTree = "<group>"; };
		5189B2F515B395F300562DD0 /* Piece+Create.m */ = {isa = PBXFileReference; fileEncoding = 4; lastKnownFileType = sourcecode.c.objc; name = "Piece+Create.m"; path = "Banyan/Piece+Create.m"; sourceTree = "<group>"; };
		5189B2F615B395F300562DD0 /* Piece+Delete.h */ = {isa = PBXFileReference; fileEncoding = 4; lastKnownFileType = sourcecode.c.h; name = "Piece+Delete.h"; path = "Banyan/Piece+Delete.h"; sourceTree = "<group>"; };
		5189B2F715B395F300562DD0 /* Piece+Delete.m */ = {isa = PBXFileReference; fileEncoding = 4; lastKnownFileType = sourcecode.c.objc; name = "Piece+Delete.m"; path = "Banyan/Piece+Delete.m"; sourceTree = "<group>"; };
		5189B2F815B395F300562DD0 /* Piece+Edit.h */ = {isa = PBXFileReference; fileEncoding = 4; lastKnownFileType = sourcecode.c.h; name = "Piece+Edit.h"; path = "Banyan/Piece+Edit.h"; sourceTree = "<group>"; };
		5189B2F915B395F300562DD0 /* Piece+Edit.m */ = {isa = PBXFileReference; fileEncoding = 4; lastKnownFileType = sourcecode.c.objc; name = "Piece+Edit.m"; path = "Banyan/Piece+Edit.m"; sourceTree = "<group>"; };
		5189B2FB15B395F300562DD0 /* Piece+Stats.m */ = {isa = PBXFileReference; fileEncoding = 4; lastKnownFileType = sourcecode.c.objc; name = "Piece+Stats.m"; path = "Banyan/Piece+Stats.m"; sourceTree = "<group>"; };
		5189B30015B395F300562DD0 /* StoryReaderController.h */ = {isa = PBXFileReference; fileEncoding = 4; lastKnownFileType = sourcecode.c.h; name = StoryReaderController.h; path = Banyan/StoryReaderController.h; sourceTree = "<group>"; };
		5189B30115B395F300562DD0 /* StoryReaderController.m */ = {isa = PBXFileReference; fileEncoding = 4; lastKnownFileType = sourcecode.c.objc; name = StoryReaderController.m; path = Banyan/StoryReaderController.m; sourceTree = "<group>"; };
		5189B30815B395F300562DD0 /* Story_Defines.h */ = {isa = PBXFileReference; fileEncoding = 4; lastKnownFileType = sourcecode.c.h; name = Story_Defines.h; path = Banyan/Story_Defines.h; sourceTree = "<group>"; };
		5189B30915B395F300562DD0 /* Story.h */ = {isa = PBXFileReference; fileEncoding = 4; lastKnownFileType = sourcecode.c.h; name = Story.h; path = Banyan/Story.h; sourceTree = "<group>"; };
		5189B30A15B395F300562DD0 /* Story.m */ = {isa = PBXFileReference; fileEncoding = 4; lastKnownFileType = sourcecode.c.objc; name = Story.m; path = Banyan/Story.m; sourceTree = "<group>"; };
		5189B30B15B395F300562DD0 /* Story+Create.h */ = {isa = PBXFileReference; fileEncoding = 4; lastKnownFileType = sourcecode.c.h; name = "Story+Create.h"; path = "Banyan/Story+Create.h"; sourceTree = "<group>"; };
		5189B30C15B395F300562DD0 /* Story+Create.m */ = {isa = PBXFileReference; fileEncoding = 4; lastKnownFileType = sourcecode.c.objc; name = "Story+Create.m"; path = "Banyan/Story+Create.m"; sourceTree = "<group>"; };
		5189B30D15B395F300562DD0 /* Story+Delete.h */ = {isa = PBXFileReference; fileEncoding = 4; lastKnownFileType = sourcecode.c.h; name = "Story+Delete.h"; path = "Banyan/Story+Delete.h"; sourceTree = "<group>"; };
		5189B30E15B395F300562DD0 /* Story+Delete.m */ = {isa = PBXFileReference; fileEncoding = 4; lastKnownFileType = sourcecode.c.objc; name = "Story+Delete.m"; path = "Banyan/Story+Delete.m"; sourceTree = "<group>"; };
		5189B30F15B395F300562DD0 /* Story+Edit.h */ = {isa = PBXFileReference; fileEncoding = 4; lastKnownFileType = sourcecode.c.h; name = "Story+Edit.h"; path = "Banyan/Story+Edit.h"; sourceTree = "<group>"; };
		5189B31015B395F300562DD0 /* Story+Edit.m */ = {isa = PBXFileReference; fileEncoding = 4; lastKnownFileType = sourcecode.c.objc; name = "Story+Edit.m"; path = "Banyan/Story+Edit.m"; sourceTree = "<group>"; };
		5189B31115B395F300562DD0 /* Story+Stats.h */ = {isa = PBXFileReference; fileEncoding = 4; lastKnownFileType = sourcecode.c.h; name = "Story+Stats.h"; path = "Banyan/Story+Stats.h"; sourceTree = "<group>"; };
		5189B31215B395F300562DD0 /* Story+Stats.m */ = {isa = PBXFileReference; fileEncoding = 4; lastKnownFileType = sourcecode.c.objc; name = "Story+Stats.m"; path = "Banyan/Story+Stats.m"; sourceTree = "<group>"; };
		5189B31515B395F300562DD0 /* StoryListStoryCell.h */ = {isa = PBXFileReference; fileEncoding = 4; lastKnownFileType = sourcecode.c.h; name = StoryListStoryCell.h; path = Banyan/StoryListStoryCell.h; sourceTree = "<group>"; };
		5189B31615B395F300562DD0 /* StoryListStoryCell.m */ = {isa = PBXFileReference; fileEncoding = 4; lastKnownFileType = sourcecode.c.objc; name = StoryListStoryCell.m; path = Banyan/StoryListStoryCell.m; sourceTree = "<group>"; };
		5189B31715B395F300562DD0 /* StoryListTableViewController.h */ = {isa = PBXFileReference; fileEncoding = 4; lastKnownFileType = sourcecode.c.h; name = StoryListTableViewController.h; path = Banyan/StoryListTableViewController.h; sourceTree = "<group>"; };
		5189B31815B395F300562DD0 /* StoryListTableViewController.m */ = {isa = PBXFileReference; fileEncoding = 4; lastKnownFileType = sourcecode.c.objc; name = StoryListTableViewController.m; path = Banyan/StoryListTableViewController.m; sourceTree = "<group>"; };
		5189B31F15B395F300562DD0 /* User_Defines.h */ = {isa = PBXFileReference; fileEncoding = 4; lastKnownFileType = sourcecode.c.h; name = User_Defines.h; path = Banyan/User_Defines.h; sourceTree = "<group>"; };
		5189B32015B395F300562DD0 /* User.h */ = {isa = PBXFileReference; fileEncoding = 4; lastKnownFileType = sourcecode.c.h; name = User.h; path = Banyan/User.h; sourceTree = "<group>"; };
		5189B32115B395F300562DD0 /* User.m */ = {isa = PBXFileReference; fileEncoding = 4; lastKnownFileType = sourcecode.c.objc; name = User.m; path = Banyan/User.m; sourceTree = "<group>"; };
		5189B32215B395F300562DD0 /* UserLoginViewController.h */ = {isa = PBXFileReference; fileEncoding = 4; lastKnownFileType = sourcecode.c.h; name = UserLoginViewController.h; path = Banyan/UserLoginViewController.h; sourceTree = "<group>"; };
		5189B32315B395F300562DD0 /* UserLoginViewController.m */ = {isa = PBXFileReference; fileEncoding = 4; lastKnownFileType = sourcecode.c.objc; name = UserLoginViewController.m; path = Banyan/UserLoginViewController.m; sourceTree = "<group>"; };
		5189B32415B395F300562DD0 /* UserLoginViewController.xib */ = {isa = PBXFileReference; fileEncoding = 4; lastKnownFileType = file.xib; name = UserLoginViewController.xib; path = Banyan/UserLoginViewController.xib; sourceTree = "<group>"; };
		5189B32515B395F300562DD0 /* UserManagementModule.h */ = {isa = PBXFileReference; fileEncoding = 4; lastKnownFileType = sourcecode.c.h; name = UserManagementModule.h; path = Banyan/UserManagementModule.h; sourceTree = "<group>"; };
		5189B32615B395F300562DD0 /* UserManagementModule.m */ = {isa = PBXFileReference; fileEncoding = 4; lastKnownFileType = sourcecode.c.objc; name = UserManagementModule.m; path = Banyan/UserManagementModule.m; sourceTree = "<group>"; };
		5189B3B615B39B9300562DD0 /* CoreLocation.framework */ = {isa = PBXFileReference; lastKnownFileType = wrapper.framework; name = CoreLocation.framework; path = System/Library/Frameworks/CoreLocation.framework; sourceTree = SDKROOT; };
		5189B3B815B39BA400562DD0 /* libz.1.1.3.dylib */ = {isa = PBXFileReference; lastKnownFileType = "compiled.mach-o.dylib"; name = libz.1.1.3.dylib; path = usr/lib/libz.1.1.3.dylib; sourceTree = SDKROOT; };
		5189B3B915B39BA400562DD0 /* libz.dylib */ = {isa = PBXFileReference; lastKnownFileType = "compiled.mach-o.dylib"; name = libz.dylib; path = usr/lib/libz.dylib; sourceTree = SDKROOT; };
		5189B3BC15B39BB800562DD0 /* Security.framework */ = {isa = PBXFileReference; lastKnownFileType = wrapper.framework; name = Security.framework; path = System/Library/Frameworks/Security.framework; sourceTree = SDKROOT; };
		5189B3BE15B39BBF00562DD0 /* SystemConfiguration.framework */ = {isa = PBXFileReference; lastKnownFileType = wrapper.framework; name = SystemConfiguration.framework; path = System/Library/Frameworks/SystemConfiguration.framework; sourceTree = SDKROOT; };
		5189B3C015B39BC500562DD0 /* CFNetwork.framework */ = {isa = PBXFileReference; lastKnownFileType = wrapper.framework; name = CFNetwork.framework; path = System/Library/Frameworks/CFNetwork.framework; sourceTree = SDKROOT; };
		5189B3C215B39BCC00562DD0 /* MapKit.framework */ = {isa = PBXFileReference; lastKnownFileType = wrapper.framework; name = MapKit.framework; path = System/Library/Frameworks/MapKit.framework; sourceTree = SDKROOT; };
		5189B3C415B39BD100562DD0 /* QuartzCore.framework */ = {isa = PBXFileReference; lastKnownFileType = wrapper.framework; name = QuartzCore.framework; path = System/Library/Frameworks/QuartzCore.framework; sourceTree = SDKROOT; };
		5189B3C615B39BE100562DD0 /* MobileCoreServices.framework */ = {isa = PBXFileReference; lastKnownFileType = wrapper.framework; name = MobileCoreServices.framework; path = System/Library/Frameworks/MobileCoreServices.framework; sourceTree = SDKROOT; };
		5189B3C815B39BE700562DD0 /* AudioToolbox.framework */ = {isa = PBXFileReference; lastKnownFileType = wrapper.framework; name = AudioToolbox.framework; path = System/Library/Frameworks/AudioToolbox.framework; sourceTree = SDKROOT; };
		5189B3CA15B39E7400562DD0 /* MainStoryboard.storyboard */ = {isa = PBXFileReference; fileEncoding = 4; lastKnownFileType = file.storyboard; name = MainStoryboard.storyboard; path = en.lproj/MainStoryboard.storyboard; sourceTree = "<group>"; };
		518AF02D162539D300480D5A /* Parse.framework */ = {isa = PBXFileReference; lastKnownFileType = wrapper.framework; path = Parse.framework; sourceTree = "<group>"; };
		5192329F1671CC57009686E4 /* AFGoogleAPIClient.h */ = {isa = PBXFileReference; fileEncoding = 4; lastKnownFileType = sourcecode.c.h; name = AFGoogleAPIClient.h; path = Banyan/AFGoogleAPIClient.h; sourceTree = "<group>"; };
		519232A01671CC57009686E4 /* AFGoogleAPIClient.m */ = {isa = PBXFileReference; fileEncoding = 4; lastKnownFileType = sourcecode.c.objc; name = AFGoogleAPIClient.m; path = Banyan/AFGoogleAPIClient.m; sourceTree = "<group>"; };
		5192332516743F02009686E4 /* GooglePlacesObject.h */ = {isa = PBXFileReference; fileEncoding = 4; lastKnownFileType = sourcecode.c.h; name = GooglePlacesObject.h; path = Banyan/GooglePlacesObject.h; sourceTree = "<group>"; };
		5192332616743F02009686E4 /* GooglePlacesObject.m */ = {isa = PBXFileReference; fileEncoding = 4; lastKnownFileType = sourcecode.c.objc; name = GooglePlacesObject.m; path = Banyan/GooglePlacesObject.m; sourceTree = "<group>"; };
		519233301675305F009686E4 /* LocationPickerTableViewController.h */ = {isa = PBXFileReference; fileEncoding = 4; lastKnownFileType = sourcecode.c.h; name = LocationPickerTableViewController.h; path = Banyan/LocationPickerTableViewController.h; sourceTree = "<group>"; };
		519233311675305F009686E4 /* LocationPickerTableViewController.m */ = {isa = PBXFileReference; fileEncoding = 4; lastKnownFileType = sourcecode.c.objc; name = LocationPickerTableViewController.m; path = Banyan/LocationPickerTableViewController.m; sourceTree = "<group>"; };
		519AFA7115C26F5D00F68F3C /* AssetsLibrary.framework */ = {isa = PBXFileReference; lastKnownFileType = wrapper.framework; name = AssetsLibrary.framework; path = System/Library/Frameworks/AssetsLibrary.framework; sourceTree = SDKROOT; };
		51A8DC72169141B90017E86F /* Piece+Stats.h */ = {isa = PBXFileReference; fileEncoding = 4; lastKnownFileType = sourcecode.c.h; name = "Piece+Stats.h"; path = "Banyan/Piece+Stats.h"; sourceTree = "<group>"; };
		51A8DC8F16928A240017E86F /* Activity+Create.h */ = {isa = PBXFileReference; fileEncoding = 4; lastKnownFileType = sourcecode.c.h; name = "Activity+Create.h"; path = "Banyan/Activity+Create.h"; sourceTree = "<group>"; };
		51A8DC9016928A240017E86F /* Activity+Create.m */ = {isa = PBXFileReference; fileEncoding = 4; lastKnownFileType = sourcecode.c.objc; name = "Activity+Create.m"; path = "Banyan/Activity+Create.m"; sourceTree = "<group>"; };
		51B5989C15EB31B300DF4D9D /* BanyanConstants.h */ = {isa = PBXFileReference; fileEncoding = 4; lastKnownFileType = sourcecode.c.h; path = BanyanConstants.h; sourceTree = "<group>"; };
		51B5989D15EB31B300DF4D9D /* BanyanConstants.m */ = {isa = PBXFileReference; fileEncoding = 4; lastKnownFileType = sourcecode.c.objc; path = BanyanConstants.m; sourceTree = "<group>"; };
		51CFD92615F1F260002926F9 /* SettingsTableViewController.h */ = {isa = PBXFileReference; fileEncoding = 4; lastKnownFileType = sourcecode.c.h; path = SettingsTableViewController.h; sourceTree = "<group>"; };
		51CFD92715F1F260002926F9 /* SettingsTableViewController.m */ = {isa = PBXFileReference; fileEncoding = 4; lastKnownFileType = sourcecode.c.objc; path = SettingsTableViewController.m; sourceTree = "<group>"; };
		51CFD93415F3E80B002926F9 /* FollowingFriendsViewController.h */ = {isa = PBXFileReference; fileEncoding = 4; lastKnownFileType = sourcecode.c.h; path = FollowingFriendsViewController.h; sourceTree = "<group>"; };
		51CFD93515F3E80B002926F9 /* FollowingFriendsViewController.m */ = {isa = PBXFileReference; fileEncoding = 4; lastKnownFileType = sourcecode.c.objc; path = FollowingFriendsViewController.m; sourceTree = "<group>"; };
		51CFD93815F57F70002926F9 /* FollowingUsersCell.h */ = {isa = PBXFileReference; fileEncoding = 4; lastKnownFileType = sourcecode.c.h; path = FollowingUsersCell.h; sourceTree = "<group>"; };
		51CFD93915F57F70002926F9 /* FollowingUsersCell.m */ = {isa = PBXFileReference; fileEncoding = 4; lastKnownFileType = sourcecode.c.objc; path = FollowingUsersCell.m; sourceTree = "<group>"; };
		51CFD93C15F58337002926F9 /* buttonFollow.png */ = {isa = PBXFileReference; lastKnownFileType = image.png; path = buttonFollow.png; sourceTree = "<group>"; };
		51CFD93D15F58337002926F9 /* buttonFollow@2x.png */ = {isa = PBXFileReference; lastKnownFileType = image.png; path = "buttonFollow@2x.png"; sourceTree = "<group>"; };
		51CFD93E15F58337002926F9 /* buttonFollowing.png */ = {isa = PBXFileReference; lastKnownFileType = image.png; path = buttonFollowing.png; sourceTree = "<group>"; };
		51CFD93F15F58337002926F9 /* buttonFollowing@2x.png */ = {isa = PBXFileReference; lastKnownFileType = image.png; path = "buttonFollowing@2x.png"; sourceTree = "<group>"; };
		51CFD94015F58337002926F9 /* buttonFollowingSelected.png */ = {isa = PBXFileReference; lastKnownFileType = image.png; path = buttonFollowingSelected.png; sourceTree = "<group>"; };
		51CFD94115F58337002926F9 /* buttonFollowingSelected@2x.png */ = {isa = PBXFileReference; lastKnownFileType = image.png; path = "buttonFollowingSelected@2x.png"; sourceTree = "<group>"; };
		51CFD94215F58337002926F9 /* buttonFollowSelected.png */ = {isa = PBXFileReference; lastKnownFileType = image.png; path = buttonFollowSelected.png; sourceTree = "<group>"; };
		51CFD94315F58337002926F9 /* buttonFollowSelected@2x.png */ = {isa = PBXFileReference; lastKnownFileType = image.png; path = "buttonFollowSelected@2x.png"; sourceTree = "<group>"; };
		51CFD94C15F59A13002926F9 /* FindFriendsViewController.h */ = {isa = PBXFileReference; fileEncoding = 4; lastKnownFileType = sourcecode.c.h; path = FindFriendsViewController.h; sourceTree = "<group>"; };
		51CFD94D15F59A13002926F9 /* FindFriendsViewController.m */ = {isa = PBXFileReference; fileEncoding = 4; lastKnownFileType = sourcecode.c.objc; path = FindFriendsViewController.m; sourceTree = "<group>"; };
		51F22884161A9DC1006B3AA7 /* AdSupport.framework */ = {isa = PBXFileReference; lastKnownFileType = wrapper.framework; name = AdSupport.framework; path = System/Library/Frameworks/AdSupport.framework; sourceTree = SDKROOT; };
		51F22887161A9DE4006B3AA7 /* Social.framework */ = {isa = PBXFileReference; lastKnownFileType = wrapper.framework; name = Social.framework; path = System/Library/Frameworks/Social.framework; sourceTree = SDKROOT; };
		51F22889161A9DF2006B3AA7 /* StoreKit.framework */ = {isa = PBXFileReference; lastKnownFileType = wrapper.framework; name = StoreKit.framework; path = System/Library/Frameworks/StoreKit.framework; sourceTree = SDKROOT; };
		51F2288B161A9E22006B3AA7 /* Default-568h@2x.png */ = {isa = PBXFileReference; lastKnownFileType = image.png; name = "Default-568h@2x.png"; path = "../../Default-568h@2x.png"; sourceTree = "<group>"; };
		51FD96EB1665E6C7001A1709 /* dotted-pattern.png */ = {isa = PBXFileReference; lastKnownFileType = image.png; path = "dotted-pattern.png"; sourceTree = "<group>"; };
		51FD96EC1665E6C7001A1709 /* dotted-pattern@2x.png */ = {isa = PBXFileReference; lastKnownFileType = image.png; path = "dotted-pattern@2x.png"; sourceTree = "<group>"; };
		8ED9F22B0C2B4CE9B82B3621 /* Pods.xcconfig */ = {isa = PBXFileReference; includeInIndex = 1; lastKnownFileType = text.xcconfig; name = Pods.xcconfig; path = Pods/Pods.xcconfig; sourceTree = SOURCE_ROOT; };
		F6EDBDCCC91248339FDC7301 /* libPods.a */ = {isa = PBXFileReference; explicitFileType = archive.ar; includeInIndex = 0; path = libPods.a; sourceTree = BUILT_PRODUCTS_DIR; };
/* End PBXFileReference section */

/* Begin PBXFrameworksBuildPhase section */
		5189B2B015B387E200562DD0 /* Frameworks */ = {
			isa = PBXFrameworksBuildPhase;
			buildActionMask = 2147483647;
			files = (
				51F2288A161A9DF2006B3AA7 /* StoreKit.framework in Frameworks */,
				51F22888161A9DE4006B3AA7 /* Social.framework in Frameworks */,
				51F22885161A9DC1006B3AA7 /* AdSupport.framework in Frameworks */,
				511E708E161A977F009AAD25 /* libsqlite3.dylib in Frameworks */,
				511E708B161A9756009AAD25 /* Accounts.framework in Frameworks */,
				519AFA7215C26F5D00F68F3C /* AssetsLibrary.framework in Frameworks */,
				5189B45715B3A38E00562DD0 /* QuartzCore.framework in Frameworks */,
				5189B3C915B39BE700562DD0 /* AudioToolbox.framework in Frameworks */,
				5189B3C715B39BE100562DD0 /* MobileCoreServices.framework in Frameworks */,
				5189B2BC15B387E200562DD0 /* CoreGraphics.framework in Frameworks */,
				5189B3C315B39BCC00562DD0 /* MapKit.framework in Frameworks */,
				5189B3C115B39BC500562DD0 /* CFNetwork.framework in Frameworks */,
				5189B3BF15B39BBF00562DD0 /* SystemConfiguration.framework in Frameworks */,
				5189B3BD15B39BB800562DD0 /* Security.framework in Frameworks */,
				5189B3BA15B39BA400562DD0 /* libz.1.1.3.dylib in Frameworks */,
				5189B3BB15B39BA400562DD0 /* libz.dylib in Frameworks */,
				5189B3B715B39B9300562DD0 /* CoreLocation.framework in Frameworks */,
				5189B2B815B387E200562DD0 /* UIKit.framework in Frameworks */,
				5189B2BA15B387E200562DD0 /* Foundation.framework in Frameworks */,
				518AF02E162539D300480D5A /* Parse.framework in Frameworks */,
				0B8D601560334B81AE48FCCD /* libPods.a in Frameworks */,
			);
			runOnlyForDeploymentPostprocessing = 0;
		};
/* End PBXFrameworksBuildPhase section */

/* Begin PBXGroup section */
		5123CF3B15CDFEB700970A3E /* File */ = {
			isa = PBXGroup;
			children = (
				510787D6163A37250042B436 /* File.h */,
				510787D7163A37250042B436 /* File.m */,
			);
			name = File;
			sourceTree = "<group>";
		};
		5142BC7D16788386007B1B62 /* PullToRefreshContentView */ = {
			isa = PBXGroup;
			children = (
				5142BC791678837E007B1B62 /* BanyanPullToRefreshContentView.h */,
				5142BC7A1678837E007B1B62 /* BanyanPullToRefreshContentView.m */,
			);
			name = PullToRefreshContentView;
			sourceTree = "<group>";
		};
		5166B1B515E75B420072749C /* Resources */ = {
			isa = PBXGroup;
			children = (
				51FD96EB1665E6C7001A1709 /* dotted-pattern.png */,
				51FD96EC1665E6C7001A1709 /* dotted-pattern@2x.png */,
				5166B1B615E75B420072749C /* buttonFacebook.png */,
				5166B1B715E75B420072749C /* buttonFacebook@2x.png */,
				5166B1B815E75B420072749C /* buttonFacebookSelected.png */,
				5166B1B915E75B420072749C /* buttonFacebookSelected@2x.png */,
				51CFD93C15F58337002926F9 /* buttonFollow.png */,
				51CFD93D15F58337002926F9 /* buttonFollow@2x.png */,
				51CFD93E15F58337002926F9 /* buttonFollowing.png */,
				51CFD93F15F58337002926F9 /* buttonFollowing@2x.png */,
				51CFD94015F58337002926F9 /* buttonFollowingSelected.png */,
				51CFD94115F58337002926F9 /* buttonFollowingSelected@2x.png */,
				51CFD94215F58337002926F9 /* buttonFollowSelected.png */,
				51CFD94315F58337002926F9 /* buttonFollowSelected@2x.png */,
				51F2288B161A9E22006B3AA7 /* Default-568h@2x.png */,
			);
			path = Resources;
			sourceTree = "<group>";
		};
		5189B2A815B387E100562DD0 = {
			isa = PBXGroup;
			children = (
				5189B2BD15B387E200562DD0 /* Banyan */,
				5189B2B615B387E200562DD0 /* Frameworks */,
				5189B2B415B387E200562DD0 /* Products */,
				8ED9F22B0C2B4CE9B82B3621 /* Pods.xcconfig */,
			);
			sourceTree = "<group>";
		};
		5189B2B415B387E200562DD0 /* Products */ = {
			isa = PBXGroup;
			children = (
				5189B2B315B387E200562DD0 /* Banyan.app */,
			);
			name = Products;
			sourceTree = "<group>";
		};
		5189B2B615B387E200562DD0 /* Frameworks */ = {
			isa = PBXGroup;
			children = (
				51F22889161A9DF2006B3AA7 /* StoreKit.framework */,
				51F22887161A9DE4006B3AA7 /* Social.framework */,
				51F22884161A9DC1006B3AA7 /* AdSupport.framework */,
				511E708D161A977F009AAD25 /* libsqlite3.dylib */,
				511E708A161A9756009AAD25 /* Accounts.framework */,
				519AFA7115C26F5D00F68F3C /* AssetsLibrary.framework */,
				5189B3C815B39BE700562DD0 /* AudioToolbox.framework */,
				5189B3C615B39BE100562DD0 /* MobileCoreServices.framework */,
				5189B3C415B39BD100562DD0 /* QuartzCore.framework */,
				5189B3C215B39BCC00562DD0 /* MapKit.framework */,
				5189B3C015B39BC500562DD0 /* CFNetwork.framework */,
				5189B3BE15B39BBF00562DD0 /* SystemConfiguration.framework */,
				5189B3BC15B39BB800562DD0 /* Security.framework */,
				5189B3B815B39BA400562DD0 /* libz.1.1.3.dylib */,
				5189B3B915B39BA400562DD0 /* libz.dylib */,
				5189B3B615B39B9300562DD0 /* CoreLocation.framework */,
				5189B2B715B387E200562DD0 /* UIKit.framework */,
				518AF02D162539D300480D5A /* Parse.framework */,
				5189B2B915B387E200562DD0 /* Foundation.framework */,
				5189B2BB15B387E200562DD0 /* CoreGraphics.framework */,
				F6EDBDCCC91248339FDC7301 /* libPods.a */,
			);
			name = Frameworks;
			sourceTree = "<group>";
		};
		5189B2BD15B387E200562DD0 /* Banyan */ = {
			isa = PBXGroup;
			children = (
				5189B3CA15B39E7400562DD0 /* MainStoryboard.storyboard */,
				5189B35415B3968600562DD0 /* Account Management */,
				5189B35315B3967A00562DD0 /* New Story */,
				5189B35915B3971400562DD0 /* Read and Edit Scenes */,
				5189B35215B3965A00562DD0 /* Model */,
				5192332416743EB7009686E4 /* Location */,
				5189B35115B3964000562DD0 /* Networking Extensions */,
				5189B35815B396FA00562DD0 /* Data handling */,
				5189B35B15B3976700562DD0 /* Story List */,
				51CFD93015F3121C002926F9 /* Settings */,
				5189B35C15B397BD00562DD0 /* Helpful Categories */,
				5142BC7D16788386007B1B62 /* PullToRefreshContentView */,
				51B5989C15EB31B300DF4D9D /* BanyanConstants.h */,
				51B5989D15EB31B300DF4D9D /* BanyanConstants.m */,
				5189B2C615B387E200562DD0 /* BanyanAppDelegate.h */,
				5189B2C715B387E200562DD0 /* BanyanAppDelegate.m */,
				5189B2BE15B387E200562DD0 /* Supporting Files */,
				5166B1B515E75B420072749C /* Resources */,
			);
			path = Banyan;
			sourceTree = "<group>";
		};
		5189B2BE15B387E200562DD0 /* Supporting Files */ = {
			isa = PBXGroup;
			children = (
				5189B2BF15B387E200562DD0 /* Banyan-Info.plist */,
				5189B2C015B387E200562DD0 /* InfoPlist.strings */,
				5189B2C315B387E200562DD0 /* main.m */,
				5189B2C515B387E200562DD0 /* Banyan-Prefix.pch */,
			);
			name = "Supporting Files";
			sourceTree = "<group>";
		};
		5189B35115B3964000562DD0 /* Networking Extensions */ = {
			isa = PBXGroup;
			children = (
				5189B2D515B395F300562DD0 /* AFParseAPIClient.h */,
				5189B2D615B395F300562DD0 /* AFParseAPIClient.m */,
				510787CD163A36D80042B436 /* AFBanyanAPIClient.h */,
				510787CE163A36D80042B436 /* AFBanyanAPIClient.m */,
				5192329F1671CC57009686E4 /* AFGoogleAPIClient.h */,
				519232A01671CC57009686E4 /* AFGoogleAPIClient.m */,
			);
			name = "Networking Extensions";
			path = ..;
			sourceTree = "<group>";
		};
		5189B35215B3965A00562DD0 /* Model */ = {
			isa = PBXGroup;
			children = (
				5189B2D715B395F300562DD0 /* ArrayToDataTransformer.h */,
				5189B2D815B395F300562DD0 /* ArrayToDataTransformer.m */,
				5189B2DB15B395F300562DD0 /* ImageToDataTransformer.h */,
				5189B2DC15B395F300562DD0 /* ImageToDataTransformer.m */,
				51B598A315EB451600DF4D9D /* Activity */,
				5123CF3B15CDFEB700970A3E /* File */,
				5189B35D15B397D900562DD0 /* User */,
				5189B35715B396E700562DD0 /* Piece */,
				5189B35A15B3975100562DD0 /* Story */,
			);
			name = Model;
			path = ..;
			sourceTree = "<group>";
		};
		5189B35315B3967A00562DD0 /* New Story */ = {
			isa = PBXGroup;
			children = (
				5189B2E615B395F300562DD0 /* NewStoryViewController.h */,
				5189B2E715B395F300562DD0 /* NewStoryViewController.m */,
				5189B2DD15B395F300562DD0 /* InvitedTableViewController.h */,
				5189B2DE15B395F300562DD0 /* InvitedTableViewController.m */,
			);
			name = "New Story";
			path = ..;
			sourceTree = "<group>";
		};
		5189B35415B3968600562DD0 /* Account Management */ = {
			isa = PBXGroup;
			children = (
				5189B2DF15B395F300562DD0 /* LoginTabbarViewController.h */,
				5189B2E015B395F300562DD0 /* LoginTabbarViewController.m */,
				5189B2E115B395F300562DD0 /* LoginTabbarViewController.xib */,
				5189B32215B395F300562DD0 /* UserLoginViewController.h */,
				5189B32315B395F300562DD0 /* UserLoginViewController.m */,
				5189B32415B395F300562DD0 /* UserLoginViewController.xib */,
				5189B32515B395F300562DD0 /* UserManagementModule.h */,
				5189B32615B395F300562DD0 /* UserManagementModule.m */,
			);
			name = "Account Management";
			path = ..;
			sourceTree = "<group>";
		};
		5189B35515B3969700562DD0 /* Add or Edit Scene */ = {
			isa = PBXGroup;
			children = (
				5189B2E315B395F300562DD0 /* ModifySceneViewController.h */,
				5189B2E415B395F300562DD0 /* ModifySceneViewController.m */,
				5189B2E515B395F300562DD0 /* ModifySceneViewController.xib */,
				5157CD231659E5A300C22CCE /* ComposeTextViewController.h */,
				5157CD241659E5A300C22CCE /* ComposeTextViewController.m */,
			);
			name = "Add or Edit Scene";
			sourceTree = "<group>";
		};
		5189B35615B396D600562DD0 /* Read Scene */ = {
			isa = PBXGroup;
			children = (
				5189B2EE15B395F300562DD0 /* ReadSceneViewController.h */,
				5189B2EF15B395F300562DD0 /* ReadSceneViewController.m */,
				5189B2F015B395F300562DD0 /* ReadSceneViewController.xib */,
			);
			name = "Read Scene";
			sourceTree = "<group>";
		};
		5189B35715B396E700562DD0 /* Piece */ = {
			isa = PBXGroup;
			children = (
				5189B2F115B395F300562DD0 /* Piece_Defines.h */,
				5189B2F215B395F300562DD0 /* Piece.h */,
				5189B2F315B395F300562DD0 /* Piece.m */,
				5189B2F415B395F300562DD0 /* Piece+Create.h */,
				5189B2F515B395F300562DD0 /* Piece+Create.m */,
				5189B2F615B395F300562DD0 /* Piece+Delete.h */,
				5189B2F715B395F300562DD0 /* Piece+Delete.m */,
				5189B2F815B395F300562DD0 /* Piece+Edit.h */,
				5189B2F915B395F300562DD0 /* Piece+Edit.m */,
				51A8DC72169141B90017E86F /* Piece+Stats.h */,
				5189B2FB15B395F300562DD0 /* Piece+Stats.m */,
			);
			name = Piece;
			sourceTree = "<group>";
		};
		5189B35815B396FA00562DD0 /* Data handling */ = {
			isa = PBXGroup;
			children = (
				5157CD011650902900C22CCE /* BanyanConnection.h */,
				5157CD021650902900C22CCE /* BanyanConnection.m */,
			);
			name = "Data handling";
			path = ..;
			sourceTree = "<group>";
		};
		5189B35915B3971400562DD0 /* Read and Edit Scenes */ = {
			isa = PBXGroup;
			children = (
				5189B30015B395F300562DD0 /* StoryReaderController.h */,
				5189B30115B395F300562DD0 /* StoryReaderController.m */,
				5189B35515B3969700562DD0 /* Add or Edit Scene */,
				5189B35615B396D600562DD0 /* Read Scene */,
			);
			name = "Read and Edit Scenes";
			path = ..;
			sourceTree = "<group>";
		};
		5189B35A15B3975100562DD0 /* Story */ = {
			isa = PBXGroup;
			children = (
				5189B30815B395F300562DD0 /* Story_Defines.h */,
				5189B30915B395F300562DD0 /* Story.h */,
				5189B30A15B395F300562DD0 /* Story.m */,
				5189B30B15B395F300562DD0 /* Story+Create.h */,
				5189B30C15B395F300562DD0 /* Story+Create.m */,
				5189B30D15B395F300562DD0 /* Story+Delete.h */,
				5189B30E15B395F300562DD0 /* Story+Delete.m */,
				5189B30F15B395F300562DD0 /* Story+Edit.h */,
				5189B31015B395F300562DD0 /* Story+Edit.m */,
				5189B31115B395F300562DD0 /* Story+Stats.h */,
				5189B31215B395F300562DD0 /* Story+Stats.m */,
			);
			name = Story;
			sourceTree = "<group>";
		};
		5189B35B15B3976700562DD0 /* Story List */ = {
			isa = PBXGroup;
			children = (
				51CFD93715F57F35002926F9 /* UITableViewCell */,
				5189B31715B395F300562DD0 /* StoryListTableViewController.h */,
				5189B31815B395F300562DD0 /* StoryListTableViewController.m */,
				510787CA163A36C40042B436 /* BanyanDataSource.h */,
				510787CB163A36C40042B436 /* BanyanDataSource.m */,
			);
			name = "Story List";
			path = ..;
			sourceTree = "<group>";
		};
		5189B35C15B397BD00562DD0 /* Helpful Categories */ = {
			isa = PBXGroup;
			children = (
				51979A7B15F08E6F008194AF /* UIImage Categories */,
			);
			name = "Helpful Categories";
			path = ..;
			sourceTree = "<group>";
		};
		5189B35D15B397D900562DD0 /* User */ = {
			isa = PBXGroup;
			children = (
				5189B31F15B395F300562DD0 /* User_Defines.h */,
				5189B32015B395F300562DD0 /* User.h */,
				5189B32115B395F300562DD0 /* User.m */,
				510787DC163A37340042B436 /* User+Edit.h */,
				510787DD163A37340042B436 /* User+Edit.m */,
			);
			name = User;
			sourceTree = "<group>";
		};
		5192332416743EB7009686E4 /* Location */ = {
			isa = PBXGroup;
			children = (
				510787D0163A36F20042B436 /* BNLocationManager.h */,
				510787D1163A36F20042B436 /* BNLocationManager.m */,
				5192332516743F02009686E4 /* GooglePlacesObject.h */,
				5192332616743F02009686E4 /* GooglePlacesObject.m */,
				519233301675305F009686E4 /* LocationPickerTableViewController.h */,
				519233311675305F009686E4 /* LocationPickerTableViewController.m */,
			);
			name = Location;
			path = ..;
			sourceTree = "<group>";
		};
		51979A7B15F08E6F008194AF /* UIImage Categories */ = {
			isa = PBXGroup;
			children = (
				510787C0163A36A90042B436 /* UIImage+AlphaAdditions.h */,
				510787C1163A36A90042B436 /* UIImage+AlphaAdditions.m */,
				510787C2163A36A90042B436 /* UIImage+ResizeAdditions.h */,
				510787C3163A36A90042B436 /* UIImage+ResizeAdditions.m */,
				510787C4163A36A90042B436 /* UIImage+RoundedCornerAdditions.h */,
				510787C5163A36A90042B436 /* UIImage+RoundedCornerAdditions.m */,
				5103FB9D166898960095B11F /* UIImage+Create.h */,
				5103FB9E166898960095B11F /* UIImage+Create.m */,
			);
			name = "UIImage Categories";
			sourceTree = "<group>";
		};
		51B598A315EB451600DF4D9D /* Activity */ = {
			isa = PBXGroup;
			children = (
				510787D3163A37190042B436 /* Activity.h */,
				510787D4163A37190042B436 /* Activity.m */,
				51A8DC8F16928A240017E86F /* Activity+Create.h */,
				51A8DC9016928A240017E86F /* Activity+Create.m */,
			);
			name = Activity;
			sourceTree = "<group>";
		};
		51CFD93015F3121C002926F9 /* Settings */ = {
			isa = PBXGroup;
			children = (
				51CFD92615F1F260002926F9 /* SettingsTableViewController.h */,
				51CFD92715F1F260002926F9 /* SettingsTableViewController.m */,
				51CFD93415F3E80B002926F9 /* FollowingFriendsViewController.h */,
				51CFD93515F3E80B002926F9 /* FollowingFriendsViewController.m */,
				51CFD94C15F59A13002926F9 /* FindFriendsViewController.h */,
				51CFD94D15F59A13002926F9 /* FindFriendsViewController.m */,
				51CFD93B15F57F75002926F9 /* UITableViewCell */,
			);
			name = Settings;
			sourceTree = "<group>";
		};
		51CFD93715F57F35002926F9 /* UITableViewCell */ = {
			isa = PBXGroup;
			children = (
				5189B31515B395F300562DD0 /* StoryListStoryCell.h */,
				5189B31615B395F300562DD0 /* StoryListStoryCell.m */,
			);
			name = UITableViewCell;
			sourceTree = "<group>";
		};
		51CFD93B15F57F75002926F9 /* UITableViewCell */ = {
			isa = PBXGroup;
			children = (
				51CFD93815F57F70002926F9 /* FollowingUsersCell.h */,
				51CFD93915F57F70002926F9 /* FollowingUsersCell.m */,
			);
			name = UITableViewCell;
			sourceTree = "<group>";
		};
/* End PBXGroup section */

/* Begin PBXNativeTarget section */
		5189B2B215B387E200562DD0 /* Banyan */ = {
			isa = PBXNativeTarget;
			buildConfigurationList = 5189B2CB15B387E200562DD0 /* Build configuration list for PBXNativeTarget "Banyan" */;
			buildPhases = (
				5189B2AF15B387E200562DD0 /* Sources */,
				5189B2B015B387E200562DD0 /* Frameworks */,
				5189B2B115B387E200562DD0 /* Resources */,
				2D5405292D86407695C95372 /* Copy Pods Resources */,
			);
			buildRules = (
			);
			dependencies = (
			);
			name = Banyan;
			productName = Banyan;
			productReference = 5189B2B315B387E200562DD0 /* Banyan.app */;
			productType = "com.apple.product-type.application";
		};
/* End PBXNativeTarget section */

/* Begin PBXProject section */
		5189B2AA15B387E100562DD0 /* Project object */ = {
			isa = PBXProject;
			attributes = {
				LastUpgradeCheck = 0430;
				ORGANIZATIONNAME = "";
			};
			buildConfigurationList = 5189B2AD15B387E100562DD0 /* Build configuration list for PBXProject "Banyan" */;
			compatibilityVersion = "Xcode 3.2";
			developmentRegion = English;
			hasScannedForEncodings = 0;
			knownRegions = (
				en,
			);
			mainGroup = 5189B2A815B387E100562DD0;
			productRefGroup = 5189B2B415B387E200562DD0 /* Products */;
			projectDirPath = "";
			projectRoot = "";
			targets = (
				5189B2B215B387E200562DD0 /* Banyan */,
			);
		};
/* End PBXProject section */

/* Begin PBXResourcesBuildPhase section */
		5189B2B115B387E200562DD0 /* Resources */ = {
			isa = PBXResourcesBuildPhase;
			buildActionMask = 2147483647;
			files = (
				5189B2C215B387E200562DD0 /* InfoPlist.strings in Resources */,
				5189B32D15B395F300562DD0 /* LoginTabbarViewController.xib in Resources */,
				5189B33015B395F300562DD0 /* ModifySceneViewController.xib in Resources */,
				5189B33615B395F300562DD0 /* ReadSceneViewController.xib in Resources */,
				5189B34E15B395F300562DD0 /* UserLoginViewController.xib in Resources */,
				5189B3CB15B39E7400562DD0 /* MainStoryboard.storyboard in Resources */,
				5166B1BA15E75B420072749C /* buttonFacebook.png in Resources */,
				5166B1BB15E75B420072749C /* buttonFacebook@2x.png in Resources */,
				5166B1BC15E75B420072749C /* buttonFacebookSelected.png in Resources */,
				5166B1BD15E75B420072749C /* buttonFacebookSelected@2x.png in Resources */,
				51CFD94415F58337002926F9 /* buttonFollow.png in Resources */,
				51CFD94515F58337002926F9 /* buttonFollow@2x.png in Resources */,
				51CFD94615F58337002926F9 /* buttonFollowing.png in Resources */,
				51CFD94715F58337002926F9 /* buttonFollowing@2x.png in Resources */,
				51CFD94815F58337002926F9 /* buttonFollowingSelected.png in Resources */,
				51CFD94915F58337002926F9 /* buttonFollowingSelected@2x.png in Resources */,
				51CFD94A15F58337002926F9 /* buttonFollowSelected.png in Resources */,
				51CFD94B15F58337002926F9 /* buttonFollowSelected@2x.png in Resources */,
				51F2288C161A9E22006B3AA7 /* Default-568h@2x.png in Resources */,
				51FD96ED1665E6C7001A1709 /* dotted-pattern.png in Resources */,
				51FD96EE1665E6C7001A1709 /* dotted-pattern@2x.png in Resources */,
			);
			runOnlyForDeploymentPostprocessing = 0;
		};
/* End PBXResourcesBuildPhase section */

/* Begin PBXShellScriptBuildPhase section */
		2D5405292D86407695C95372 /* Copy Pods Resources */ = {
			isa = PBXShellScriptBuildPhase;
			buildActionMask = 2147483647;
			files = (
			);
			inputPaths = (
			);
			name = "Copy Pods Resources";
			outputPaths = (
			);
			runOnlyForDeploymentPostprocessing = 0;
			shellPath = /bin/sh;
			shellScript = "\"${SRCROOT}/Pods/Pods-resources.sh\"\n";
		};
/* End PBXShellScriptBuildPhase section */

/* Begin PBXSourcesBuildPhase section */
		5189B2AF15B387E200562DD0 /* Sources */ = {
			isa = PBXSourcesBuildPhase;
			buildActionMask = 2147483647;
			files = (
				5189B2C415B387E200562DD0 /* main.m in Sources */,
				5189B2C815B387E200562DD0 /* BanyanAppDelegate.m in Sources */,
				5189B32715B395F300562DD0 /* AFParseAPIClient.m in Sources */,
				5189B32815B395F300562DD0 /* ArrayToDataTransformer.m in Sources */,
				5189B32A15B395F300562DD0 /* ImageToDataTransformer.m in Sources */,
				5189B32B15B395F300562DD0 /* InvitedTableViewController.m in Sources */,
				5189B32C15B395F300562DD0 /* LoginTabbarViewController.m in Sources */,
				5189B32F15B395F300562DD0 /* ModifySceneViewController.m in Sources */,
				5189B33115B395F300562DD0 /* NewStoryViewController.m in Sources */,
				5189B33515B395F300562DD0 /* ReadSceneViewController.m in Sources */,
				5189B33715B395F300562DD0 /* Piece.m in Sources */,
				5189B33815B395F300562DD0 /* Piece+Create.m in Sources */,
				5189B33915B395F300562DD0 /* Piece+Delete.m in Sources */,
				5189B33A15B395F300562DD0 /* Piece+Edit.m in Sources */,
				5189B33B15B395F300562DD0 /* Piece+Stats.m in Sources */,
				5189B33E15B395F300562DD0 /* StoryReaderController.m in Sources */,
				5189B34215B395F300562DD0 /* Story.m in Sources */,
				5189B34315B395F300562DD0 /* Story+Create.m in Sources */,
				5189B34415B395F300562DD0 /* Story+Delete.m in Sources */,
				5189B34515B395F300562DD0 /* Story+Edit.m in Sources */,
				5189B34615B395F300562DD0 /* Story+Stats.m in Sources */,
				5189B34815B395F300562DD0 /* StoryListStoryCell.m in Sources */,
				5189B34915B395F300562DD0 /* StoryListTableViewController.m in Sources */,
				5189B34C15B395F300562DD0 /* User.m in Sources */,
				5189B34D15B395F300562DD0 /* UserLoginViewController.m in Sources */,
				5189B34F15B395F300562DD0 /* UserManagementModule.m in Sources */,
				51B5989E15EB31B300DF4D9D /* BanyanConstants.m in Sources */,
				51CFD92915F1F260002926F9 /* SettingsTableViewController.m in Sources */,
				51CFD93615F3E80B002926F9 /* FollowingFriendsViewController.m in Sources */,
				51CFD93A15F57F70002926F9 /* FollowingUsersCell.m in Sources */,
				51CFD94E15F59A13002926F9 /* FindFriendsViewController.m in Sources */,
				510787C6163A36A90042B436 /* UIImage+AlphaAdditions.m in Sources */,
				510787C7163A36A90042B436 /* UIImage+ResizeAdditions.m in Sources */,
				510787C8163A36A90042B436 /* UIImage+RoundedCornerAdditions.m in Sources */,
				510787CC163A36C40042B436 /* BanyanDataSource.m in Sources */,
				510787CF163A36D80042B436 /* AFBanyanAPIClient.m in Sources */,
				510787D2163A36F20042B436 /* BNLocationManager.m in Sources */,
				510787D5163A37190042B436 /* Activity.m in Sources */,
				510787DA163A37250042B436 /* File.m in Sources */,
				510787DE163A37340042B436 /* User+Edit.m in Sources */,
				5157CD031650902900C22CCE /* BanyanConnection.m in Sources */,
				5157CD251659E5A300C22CCE /* ComposeTextViewController.m in Sources */,
				5103FB9F166898960095B11F /* UIImage+Create.m in Sources */,
				519232A11671CC57009686E4 /* AFGoogleAPIClient.m in Sources */,
				5192332716743F02009686E4 /* GooglePlacesObject.m in Sources */,
				519233331675305F009686E4 /* LocationPickerTableViewController.m in Sources */,
				5142BC7B1678837E007B1B62 /* BanyanPullToRefreshContentView.m in Sources */,
				51A8DC9116928A240017E86F /* Activity+Create.m in Sources */,
			);
			runOnlyForDeploymentPostprocessing = 0;
		};
/* End PBXSourcesBuildPhase section */

/* Begin PBXVariantGroup section */
		5189B2C015B387E200562DD0 /* InfoPlist.strings */ = {
			isa = PBXVariantGroup;
			children = (
				5189B2C115B387E200562DD0 /* en */,
			);
			name = InfoPlist.strings;
			sourceTree = "<group>";
		};
/* End PBXVariantGroup section */

/* Begin XCBuildConfiguration section */
		5189B2C915B387E200562DD0 /* Debug */ = {
			isa = XCBuildConfiguration;
			buildSettings = {
				ALWAYS_SEARCH_USER_PATHS = NO;
				ARCHS = "$(ARCHS_STANDARD_32_BIT)";
				CLANG_ENABLE_OBJC_ARC = YES;
				CODE_SIGN_IDENTITY = "iPhone Developer: Devang Mundhra (X6GCQVUWTS)";
				"CODE_SIGN_IDENTITY[sdk=iphoneos*]" = "iPhone Developer: Devang Mundhra (X6GCQVUWTS)";
				COPY_PHASE_STRIP = NO;
				GCC_C_LANGUAGE_STANDARD = gnu99;
				GCC_DYNAMIC_NO_PIC = NO;
				GCC_OPTIMIZATION_LEVEL = 0;
				GCC_PREPROCESSOR_DEFINITIONS = (
					"DEBUG=1",
					"$(inherited)",
				);
				GCC_SYMBOLS_PRIVATE_EXTERN = NO;
				GCC_VERSION = com.apple.compilers.llvm.clang.1_0;
				GCC_WARN_ABOUT_RETURN_TYPE = YES;
				GCC_WARN_UNINITIALIZED_AUTOS = YES;
				GCC_WARN_UNUSED_VARIABLE = YES;
				IPHONEOS_DEPLOYMENT_TARGET = 5.0;
				PROVISIONING_PROFILE = "566113A8-395D-4331-A384-1CBF67F2393E";
				"PROVISIONING_PROFILE[sdk=iphoneos*]" = "566113A8-395D-4331-A384-1CBF67F2393E";
				SDKROOT = iphoneos;
			};
			name = Debug;
		};
		5189B2CA15B387E200562DD0 /* Release */ = {
			isa = XCBuildConfiguration;
			buildSettings = {
				ALWAYS_SEARCH_USER_PATHS = NO;
				ARCHS = "$(ARCHS_STANDARD_32_BIT)";
				CLANG_ENABLE_OBJC_ARC = YES;
				CODE_SIGN_IDENTITY = "iPhone Developer: Devang Mundhra (X6GCQVUWTS)";
				"CODE_SIGN_IDENTITY[sdk=iphoneos*]" = "iPhone Developer: Devang Mundhra (X6GCQVUWTS)";
				COPY_PHASE_STRIP = YES;
				GCC_C_LANGUAGE_STANDARD = gnu99;
				GCC_VERSION = com.apple.compilers.llvm.clang.1_0;
				GCC_WARN_ABOUT_RETURN_TYPE = YES;
				GCC_WARN_UNINITIALIZED_AUTOS = YES;
				GCC_WARN_UNUSED_VARIABLE = YES;
				IPHONEOS_DEPLOYMENT_TARGET = 5.0;
				OTHER_CFLAGS = "-DNS_BLOCK_ASSERTIONS=1";
				PROVISIONING_PROFILE = "566113A8-395D-4331-A384-1CBF67F2393E";
				"PROVISIONING_PROFILE[sdk=iphoneos*]" = "566113A8-395D-4331-A384-1CBF67F2393E";
				SDKROOT = iphoneos;
				VALIDATE_PRODUCT = YES;
			};
			name = Release;
		};
		5189B2CC15B387E200562DD0 /* Debug */ = {
			isa = XCBuildConfiguration;
			baseConfigurationReference = 8ED9F22B0C2B4CE9B82B3621 /* Pods.xcconfig */;
			buildSettings = {
				FRAMEWORK_SEARCH_PATHS = (
					"$(inherited)",
					"\"$(SRCROOT)\"",
				);
				GCC_PRECOMPILE_PREFIX_HEADER = YES;
				GCC_PREFIX_HEADER = "Banyan/Banyan-Prefix.pch";
				INFOPLIST_FILE = "Banyan/Banyan-Info.plist";
				LIBRARY_SEARCH_PATHS = "$(inherited)";
				PRODUCT_NAME = "$(TARGET_NAME)";
				WRAPPER_EXTENSION = app;
			};
			name = Debug;
		};
		5189B2CD15B387E200562DD0 /* Release */ = {
			isa = XCBuildConfiguration;
			baseConfigurationReference = 8ED9F22B0C2B4CE9B82B3621 /* Pods.xcconfig */;
			buildSettings = {
				FRAMEWORK_SEARCH_PATHS = (
					"$(inherited)",
					"\"$(SRCROOT)\"",
				);
				GCC_PRECOMPILE_PREFIX_HEADER = YES;
				GCC_PREFIX_HEADER = "Banyan/Banyan-Prefix.pch";
				INFOPLIST_FILE = "Banyan/Banyan-Info.plist";
				LIBRARY_SEARCH_PATHS = "$(inherited)";
				PRODUCT_NAME = "$(TARGET_NAME)";
				WRAPPER_EXTENSION = app;
			};
			name = Release;
		};
/* End XCBuildConfiguration section */

/* Begin XCConfigurationList section */
		5189B2AD15B387E100562DD0 /* Build configuration list for PBXProject "Banyan" */ = {
			isa = XCConfigurationList;
			buildConfigurations = (
				5189B2C915B387E200562DD0 /* Debug */,
				5189B2CA15B387E200562DD0 /* Release */,
			);
			defaultConfigurationIsVisible = 0;
			defaultConfigurationName = Release;
		};
		5189B2CB15B387E200562DD0 /* Build configuration list for PBXNativeTarget "Banyan" */ = {
			isa = XCConfigurationList;
			buildConfigurations = (
				5189B2CC15B387E200562DD0 /* Debug */,
				5189B2CD15B387E200562DD0 /* Release */,
			);
			defaultConfigurationIsVisible = 0;
			defaultConfigurationName = Release;
		};
/* End XCConfigurationList section */
	};
	rootObject = 5189B2AA15B387E100562DD0 /* Project object */;
}
